<?xml version="1.0" encoding="UTF-8"?>
<CONFIG>
  <ProjectOptions>
    <Version Value="12"/>
    <General>
      <SessionStorage Value="InProjectDir"/>
      <Title Value="SQL parser test"/>
      <ResourceType Value="res"/>
      <UseXPManifest Value="True"/>
      <Icon Value="0"/>
    </General>
    <LazDoc Paths="../../docs"/>
    <i18n>
      <EnableI18N Value="True" LFM="False"/>
      <OutDir Value="languages"/>
    </i18n>
    <BuildModes>
      <Item Name="default" Default="True"/>
    </BuildModes>
    <PublishOptions>
      <Version Value="2"/>
    </PublishOptions>
    <RunParams>
      <FormatVersion Value="2"/>
      <Modes Count="1">
        <Mode0 Name="default"/>
      </Modes>
    </RunParams>
    <RequiredPackages Count="10">
      <Item1>
        <PackageName Value="LazControls"/>
      </Item1>
      <Item2>
        <PackageName Value="lazreport"/>
      </Item2>
      <Item3>
        <PackageName Value="rxnew"/>
      </Item3>
      <Item4>
        <PackageName Value="fbdemofpc"/>
      </Item4>
      <Item5>
        <PackageName Value="UIBLaz"/>
      </Item5>
      <Item6>
        <PackageName Value="SynEdit"/>
      </Item6>
      <Item7>
        <PackageName Value="rx"/>
      </Item7>
      <Item8>
        <PackageName Value="rxtools"/>
      </Item8>
      <Item9>
        <PackageName Value="zcomponent"/>
      </Item9>
      <Item10>
        <PackageName Value="LCL"/>
      </Item10>
    </RequiredPackages>
    <Units>
      <Unit>
        <Filename Value="project1.lpr"/>
        <IsPartOfProject Value="True"/>
      </Unit>
      <Unit>
        <Filename Value="unit1.pas"/>
        <IsPartOfProject Value="True"/>
        <ComponentName Value="Form1"/>
        <HasResources Value="True"/>
        <ResourceBaseClass Value="Form"/>
        <UnitName Value="Unit1"/>
      </Unit>
      <Unit>
        <Filename Value="../../sql_engine/sqlengineabstractunit.pas"/>
        <IsPartOfProject Value="True"/>
        <UnitName Value="SQLEngineAbstractUnit"/>
      </Unit>
      <Unit>
        <Filename Value="../../sql_engine/PostgreSQL/postgresqlengineunit.pas"/>
        <IsPartOfProject Value="True"/>
        <UnitName Value="PostgreSQLEngineUnit"/>
      </Unit>
      <Unit>
        <Filename Value="../../sql_engine/sqlenginecommontypesunit.pas"/>
        <IsPartOfProject Value="True"/>
        <UnitName Value="SQLEngineCommonTypesUnit"/>
      </Unit>
      <Unit>
        <Filename Value="../../sql_objects/sqlobjects.pas"/>
        <IsPartOfProject Value="True"/>
        <UnitName Value="sqlObjects"/>
      </Unit>
      <Unit>
        <Filename Value="../../tools/fbmstrconstunit.pas"/>
        <IsPartOfProject Value="True"/>
        <UnitName Value="fbmStrConstUnit"/>
      </Unit>
      <Unit>
        <Filename Value="../../sql_engine/fbmsqlparserunit.pas"/>
        <IsPartOfProject Value="True"/>
        <UnitName Value="fbmSqlParserUnit"/>
      </Unit>
      <Unit>
        <Filename Value="../../sql_engine/PostgreSQL/pgsqltextunit.pas"/>
        <IsPartOfProject Value="True"/>
        <HasResources Value="True"/>
        <UnitName Value="pgSqlTextUnit"/>
      </Unit>
      <Unit>
        <Filename Value="../../sql_engine/firebird/fbsqlengineunit.pas"/>
        <IsPartOfProject Value="True"/>
        <UnitName Value="FBSQLEngineUnit"/>
      </Unit>
      <Unit>
        <Filename Value="../../sql_objects/sqlparserconsts.pas"/>
        <IsPartOfProject Value="True"/>
        <UnitName Value="sqlParserConsts"/>
      </Unit>
      <Unit>
        <Filename Value="../../sql_engine/PostgreSQL/pg_sqlparserunit.pas"/>
        <IsPartOfProject Value="True"/>
        <UnitName Value="pg_SqlParserUnit"/>
      </Unit>
      <Unit>
        <Filename Value="../../sql_engine/firebird/fbkeywordsunit.pas"/>
        <IsPartOfProject Value="True"/>
        <UnitName Value="fbKeywordsUnit"/>
      </Unit>
      <Unit>
        <Filename Value="../../sql_engine/firebird/fb_sqlparserunit.pas"/>
        <IsPartOfProject Value="True"/>
        <UnitName Value="fb_SqlParserUnit"/>
      </Unit>
      <Unit>
        <Filename Value="../../sql_engine/sqlite3/sqlite3engineunit.pas"/>
        <IsPartOfProject Value="True"/>
        <UnitName Value="SQLite3EngineUnit"/>
      </Unit>
      <Unit>
        <Filename Value="../../sql_engine/sqlite3/sqlite3_keywords.pas"/>
        <IsPartOfProject Value="True"/>
      </Unit>
      <Unit>
        <Filename Value="../../sql_engine/sqlite3/sqlite3_sqlparserunit.pas"/>
        <IsPartOfProject Value="True"/>
        <UnitName Value="sqlite3_SqlParserUnit"/>
      </Unit>
      <Unit>
        <Filename Value="treeaddchildtokenunit.pas"/>
        <IsPartOfProject Value="True"/>
        <ComponentName Value="TreeAddChildTokenForm"/>
        <HasResources Value="True"/>
        <ResourceBaseClass Value="Form"/>
        <UnitName Value="TreeAddChildTokenUnit"/>
      </Unit>
      <Unit>
        <Filename Value="../../sql_engine/mysql/mysql_engine.pas"/>
        <IsPartOfProject Value="True"/>
      </Unit>
      <Unit>
        <Filename Value="../../sql_engine/mysql/mysqlkeywords.pas"/>
        <IsPartOfProject Value="True"/>
        <UnitName Value="MySQLKeywords"/>
      </Unit>
      <Unit>
        <Filename Value="../../sql_engine/mysql/mysql_sqlparserunit.pas"/>
        <IsPartOfProject Value="True"/>
        <UnitName Value="mysql_SqlParserUnit"/>
      </Unit>
      <Unit>
        <Filename Value="../../sql_engine/mysql/mysql_types.pas"/>
        <IsPartOfProject Value="True"/>
      </Unit>
      <Unit/>
      <Unit>
        <Filename Value="../../sql_engine/plugins/sshconnectionunit.pas"/>
        <IsPartOfProject Value="True"/>
      </Unit>
    </Units>
  </ProjectOptions>
  <CompilerOptions>
    <Version Value="11"/>
    <Target>
      <Filename Value="project1"/>
    </Target>
    <SearchPaths>
      <IncludeFiles Value="$(ProjOutDir)"/>
      <OtherUnitFiles Value="../../sql_engine;../../sql_engine/PostgreSQL;../../sql_objects;../../tools;../../sql_engine/firebird;../../sql_engine/sqlite3;../../sql_engine/mysql;../../sql_engine/plugins"/>
      <UnitOutputDirectory Value="lib/$(TargetCPU)-$(TargetOS)"/>
    </SearchPaths>
    <Linking>
      <Debugging>
        <DebugInfoType Value="dsDwarf3"/>
      </Debugging>
      <Options>
        <Win32>
          <GraphicApplication Value="True"/>
        </Win32>
      </Options>
    </Linking>
  </CompilerOptions>
  <Debugging>
    <Exceptions Count="4">
      <Item1>
        <Name Value="EAbort"/>
      </Item1>
      <Item2>
        <Name Value="ECodetoolError"/>
      </Item2>
      <Item3>
        <Name Value="EFOpenError"/>
      </Item3>
      <Item4>
        <Name Value="RunError(216)"/>
      </Item4>
    </Exceptions>
  </Debugging>
</CONFIG>
