<?xml version="1.0" encoding="UTF-8"?>
<CONFIG>
  <ProjectOptions>
    <Version Value="12"/>
    <General>
      <Flags>
        <SaveOnlyProjectUnits Value="True"/>
        <LRSInOutputDirectory Value="False"/>
      </Flags>
      <SessionStorage Value="InProjectDir"/>
      <AutoCreateForms Value="False"/>
      <Title Value="Free Database Manager"/>
      <Scaled Value="True"/>
      <ResourceType Value="res"/>
      <UseXPManifest Value="True"/>
      <XPManifest>
        <TextName Value="AlexsSoft.FBManager.FBManager"/>
        <TextDesc Value="Free Database Manager"/>
      </XPManifest>
      <Icon Value="0"/>
    </General>
    <LazDoc Paths="./docs"/>
    <i18n>
      <EnableI18N Value="True" LFM="False"/>
      <OutDir Value="languages"/>
    </i18n>
    <VersionInfo>
      <UseVersionInfo Value="True"/>
      <AutoIncrementBuild Value="True"/>
      <MinorVersionNr Value="9"/>
      <RevisionNr Value="17"/>
      <BuildNr Value="5514"/>
      <Language Value="0419"/>
      <Attributes pvaPreRelease="True"/>
      <StringTable FileDescription="Tools for manage you databases" LegalCopyright="Lagunov A.A." ProductVersion="0.9"/>
    </VersionInfo>
    <BuildModes>
      <Item Name="default" Default="True"/>
    </BuildModes>
    <PublishOptions>
      <Version Value="2"/>
    </PublishOptions>
    <RunParams>
      <local>
        <LaunchingApplication PathPlusParams="/usr/X11R6/bin/xterm -T &apos;Lazarus Run Output&apos; -e $(LazarusDir)/tools/runwait.sh $(TargetCmdLine)"/>
      </local>
      <FormatVersion Value="2"/>
      <Modes Count="1">
        <Mode0 Name="default">
          <local>
            <LaunchingApplication PathPlusParams="/usr/X11R6/bin/xterm -T &apos;Lazarus Run Output&apos; -e $(LazarusDir)/tools/runwait.sh $(TargetCmdLine)"/>
          </local>
        </Mode0>
      </Modes>
    </RunParams>
    <RequiredPackages Count="33">
      <Item1>
        <PackageName Value="rxtools"/>
      </Item1>
      <Item2>
        <PackageName Value="lr_pdfexport"/>
      </Item2>
      <Item3>
        <PackageName Value="laz_fpspreadsheet_visual"/>
      </Item3>
      <Item4>
        <PackageName Value="fbdemofpc"/>
      </Item4>
      <Item5>
        <PackageName Value="lrSpreadSheetExport"/>
      </Item5>
      <Item6>
        <PackageName Value="laz_fpspreadsheetexport_visual"/>
      </Item6>
      <Item7>
        <PackageName Value="LR_ZeosDB"/>
      </Item7>
      <Item8>
        <PackageName Value="lr_OfficeImport"/>
      </Item8>
      <Item9>
        <PackageName Value="lr_DialogDesign"/>
      </Item9>
      <Item10>
        <PackageName Value="lrEmailExport"/>
      </Item10>
      <Item11>
        <PackageName Value="rxdbgrid_print"/>
      </Item11>
      <Item12>
        <PackageName Value="rxdbgrid_export_spreadsheet"/>
      </Item12>
      <Item13>
        <PackageName Value="TAChartLazarusPkg"/>
      </Item13>
      <Item14>
        <PackageName Value="lrcairoexport"/>
      </Item14>
      <Item15>
        <PackageName Value="lr_extexp"/>
      </Item15>
      <Item16>
        <PackageName Value="rx_sort_zeos"/>
      </Item16>
      <Item17>
        <PackageName Value="rx_sort_fbdataset"/>
      </Item17>
      <Item18>
        <PackageName Value="zcomponent"/>
      </Item18>
      <Item19>
        <PackageName Value="zeos_ex"/>
      </Item19>
      <Item20>
        <PackageName Value="CodeTools"/>
      </Item20>
      <Item21>
        <PackageName Value="lr_add_function"/>
      </Item21>
      <Item22>
        <PackageName Value="LazControls"/>
        <MinVersion Valid="True"/>
      </Item22>
      <Item23>
        <PackageName Value="SQLDBLaz"/>
        <MinVersion Major="1" Release="1" Valid="True"/>
      </Item23>
      <Item24>
        <PackageName Value="LCLBase"/>
        <MinVersion Major="1" Release="1" Valid="True"/>
      </Item24>
      <Item25>
        <PackageName Value="TurboPowerIPro"/>
        <MinVersion Major="1" Valid="True"/>
      </Item25>
      <Item26>
        <PackageName Value="lazdbexport"/>
        <MinVersion Major="1" Valid="True"/>
      </Item26>
      <Item27>
        <PackageName Value="FCL"/>
        <MinVersion Major="1" Valid="True"/>
      </Item27>
      <Item28>
        <PackageName Value="lazreport"/>
        <MinVersion Minor="9" Valid="True"/>
      </Item28>
      <Item29>
        <PackageName Value="LCL"/>
        <MinVersion Major="1" Valid="True"/>
      </Item29>
      <Item30>
        <PackageName Value="rx"/>
        <MinVersion Major="1" Valid="True"/>
      </Item30>
      <Item31>
        <PackageName Value="RxNew"/>
        <MinVersion Major="1" Release="2" Build="3" Valid="True"/>
      </Item31>
      <Item32>
        <PackageName Value="SynEdit"/>
        <MinVersion Major="1" Valid="True"/>
      </Item32>
      <Item33>
        <PackageName Value="UIBLaz"/>
        <MinVersion Major="1" Valid="True"/>
      </Item33>
    </RequiredPackages>
    <Units>
      <Unit>
        <Filename Value="IBManager.lpr"/>
        <IsPartOfProject Value="True"/>
      </Unit>
      <Unit>
        <Filename Value="mainform/ibmanmainunit.pas"/>
        <IsPartOfProject Value="True"/>
        <ComponentName Value="fbManagerMainForm"/>
        <HasResources Value="True"/>
        <ResourceBaseClass Value="Form"/>
        <UnitName Value="IBManMainUnit"/>
      </Unit>
      <Unit>
        <Filename Value="SqlEditor/fbmsqleditorunit.pas"/>
        <IsPartOfProject Value="True"/>
        <DisableI18NForLFM Value="True"/>
        <ComponentName Value="fbmSQLEditorForm"/>
        <HasResources Value="True"/>
        <ResourceBaseClass Value="Form"/>
        <UnitName Value="fbmSQLEditorUnit"/>
      </Unit>
      <Unit>
        <Filename Value="tools/ibmanagertypesunit.pas"/>
        <IsPartOfProject Value="True"/>
        <DisableI18NForLFM Value="True"/>
      </Unit>
      <Unit>
        <Filename Value="help_forms/fdmaboutunit.pas"/>
        <IsPartOfProject Value="True"/>
        <DisableI18NForLFM Value="True"/>
        <ComponentName Value="fdmAboutForm"/>
        <HasResources Value="True"/>
        <ResourceBaseClass Value="Form"/>
        <UnitName Value="fdmAboutUnit"/>
      </Unit>
      <Unit>
        <Filename Value="tools/fbmtoolsunit.pas"/>
        <IsPartOfProject Value="True"/>
        <DisableI18NForLFM Value="True"/>
        <UnitName Value="fbmToolsUnit"/>
      </Unit>
      <Unit>
        <Filename Value="user_sec/ibmUserSecUnit.pas"/>
        <IsPartOfProject Value="True"/>
        <DisableI18NForLFM Value="True"/>
        <ComponentName Value="ibmUserSecForm"/>
        <HasResources Value="True"/>
        <ResourceBaseClass Value="Form"/>
      </Unit>
      <Unit>
        <Filename Value="user_sec/ibmUserSecEditUserUnit.pas"/>
        <IsPartOfProject Value="True"/>
        <DisableI18NForLFM Value="True"/>
        <ComponentName Value="ibmUserSecEditUserForm"/>
        <HasResources Value="True"/>
        <ResourceBaseClass Value="Form"/>
      </Unit>
      <Unit>
        <Filename Value="options/fbmenvironmentoptionsunit.pas"/>
        <IsPartOfProject Value="True"/>
        <ComponentName Value="fbmEnvironmentOptionsForm"/>
        <HasResources Value="True"/>
        <ResourceBaseClass Value="Form"/>
        <UnitName Value="fbmEnvironmentOptionsUnit"/>
      </Unit>
      <Unit>
        <Filename Value="tools/ibmsqlutilsunit.pas"/>
        <IsPartOfProject Value="True"/>
        <DisableI18NForLFM Value="True"/>
        <UnitName Value="ibmSqlUtilsUnit"/>
      </Unit>
      <Unit>
        <Filename Value="tools/ibmsqltextsunit.pas"/>
        <IsPartOfProject Value="True"/>
        <DisableI18NForLFM Value="True"/>
      </Unit>
      <Unit>
        <Filename Value="tools/fbmcompileqestunit.pas"/>
        <IsPartOfProject Value="True"/>
        <DisableI18NForLFM Value="True"/>
        <ComponentName Value="fbmCompileQestForm"/>
        <HasResources Value="True"/>
        <ResourceBaseClass Value="Form"/>
        <UnitName Value="fbmCompileQestUnit"/>
      </Unit>
      <Unit>
        <Filename Value="options/fbmeditoroptionsunit.pas"/>
        <IsPartOfProject Value="True"/>
        <ComponentName Value="fbmEditorOptionsForm"/>
        <HasResources Value="True"/>
        <ResourceBaseClass Value="Form"/>
        <UnitName Value="fbmEditorOptionsUnit"/>
      </Unit>
      <Unit>
        <Filename Value="controls/firebird/fbmcreatedatabaseunit.pas"/>
        <IsPartOfProject Value="True"/>
        <DisableI18NForLFM Value="True"/>
        <ComponentName Value="fbmCreateDataBaseForm"/>
        <HasResources Value="True"/>
        <ResourceBaseClass Value="Form"/>
        <UnitName Value="fbmCreateDataBaseUnit"/>
      </Unit>
      <Unit>
        <Filename Value="tools/fbmuserdatabaseunit.pas"/>
        <IsPartOfProject Value="True"/>
        <DisableI18NForLFM Value="True"/>
        <ComponentName Value="UserDBModule"/>
        <HasResources Value="True"/>
        <ResourceBaseClass Value="DataModule"/>
        <UnitName Value="fbmUserDataBaseUnit"/>
      </Unit>
      <Unit>
        <Filename Value="tools/fbmExportDataUnit.pas"/>
        <IsPartOfProject Value="True"/>
        <DisableI18NForLFM Value="True"/>
        <ComponentName Value="fbmExportDataForm"/>
        <HasResources Value="True"/>
        <ResourceBaseClass Value="Form"/>
      </Unit>
      <Unit>
        <Filename Value="dbobjecteditors/dboTableEditor/firebird/fbmtablefieldeditorunit.pas"/>
        <IsPartOfProject Value="True"/>
        <DisableI18NForLFM Value="True"/>
        <ComponentName Value="fbmTableFieldEditorForm"/>
        <HasResources Value="True"/>
        <ResourceBaseClass Value="Form"/>
        <UnitName Value="fbmTableFieldEditorUnit"/>
      </Unit>
      <Unit>
        <Filename Value="dbobjecteditors/ibmanagertablefieldeditorarrayboundunit.pas"/>
        <IsPartOfProject Value="True"/>
        <ComponentName Value="ibmanagertablefieldeditorArrayBoundForm"/>
        <HasResources Value="True"/>
        <ResourceBaseClass Value="Form"/>
        <UnitName Value="ibmanagertablefieldeditorArrayBoundunit"/>
      </Unit>
      <Unit>
        <Filename Value="dbobjecteditors/fbmtableeditorindexeditunit.pas"/>
        <IsPartOfProject Value="True"/>
        <ComponentName Value="fbmIndexEditorForm"/>
        <HasResources Value="True"/>
        <ResourceBaseClass Value="Form"/>
        <UnitName Value="fbmTableEditorIndexEditUnit"/>
      </Unit>
      <Unit>
        <Filename Value="dbobjecteditors/ibmanagertableeditorpkunit.pas"/>
        <IsPartOfProject Value="True"/>
        <ComponentName Value="fbmTableEditorPkForm"/>
        <HasResources Value="True"/>
        <ResourceBaseClass Value="Form"/>
        <UnitName Value="ibmanagertableeditorPkunit"/>
      </Unit>
      <Unit>
        <Filename Value="dbobjecteditors/dboTableEditor/fbmmanagertableeditorfkunit.pas"/>
        <IsPartOfProject Value="True"/>
        <DisableI18NForLFM Value="True"/>
        <ComponentName Value="fbmManagerTableEditorFKForm"/>
        <HasResources Value="True"/>
        <ResourceBaseClass Value="Form"/>
        <UnitName Value="fbmManagerTableEditorFKUnit"/>
      </Unit>
      <Unit>
        <Filename Value="tools/ibm_loginform.pas"/>
        <IsPartOfProject Value="True"/>
        <DisableI18NForLFM Value="True"/>
        <ComponentName Value="ibmLoginForm"/>
        <HasResources Value="True"/>
        <ResourceBaseClass Value="Form"/>
      </Unit>
      <Unit>
        <Filename Value="dbobjecteditors/ib_manager_table_editor_field_order_unit.pas"/>
        <IsPartOfProject Value="True"/>
        <ComponentName Value="fbmTableEditorFieldOrderForm"/>
        <HasResources Value="True"/>
        <ResourceBaseClass Value="Form"/>
      </Unit>
      <Unit>
        <Filename Value="sql_script/fbmsqlscript.pas"/>
        <IsPartOfProject Value="True"/>
        <DisableI18NForLFM Value="True"/>
        <ComponentName Value="FBMSqlScripForm"/>
        <HasResources Value="True"/>
        <ResourceBaseClass Value="Form"/>
      </Unit>
      <Unit>
        <Filename Value="dbobjecteditors/fbmfillqueryparamsunit.pas"/>
        <IsPartOfProject Value="True"/>
        <ComponentName Value="fbmFillQueryParamsForm"/>
        <HasResources Value="True"/>
        <ResourceBaseClass Value="Form"/>
      </Unit>
      <Unit>
        <Filename Value="dbobjecteditors/fbmdbobjecteditorunit.pas"/>
        <IsPartOfProject Value="True"/>
        <ComponentName Value="fbmDBObjectEditorForm"/>
        <HasResources Value="True"/>
        <ResourceBaseClass Value="Form"/>
        <UnitName Value="fbmDBObjectEditorUnit"/>
      </Unit>
      <Unit>
        <Filename Value="tools/fbmbuckupunit.pas"/>
        <IsPartOfProject Value="True"/>
        <DisableI18NForLFM Value="True"/>
        <ComponentName Value="fbmBackupForm"/>
        <HasResources Value="True"/>
        <ResourceBaseClass Value="Form"/>
      </Unit>
      <Unit>
        <Filename Value="tools/fbmrestoreunit.pas"/>
        <IsPartOfProject Value="True"/>
        <DisableI18NForLFM Value="True"/>
        <ComponentName Value="fbmRestoreForm"/>
        <HasResources Value="True"/>
        <ResourceBaseClass Value="Form"/>
      </Unit>
      <Unit>
        <Filename Value="tools/fbmshadowmanagerunit.pas"/>
        <IsPartOfProject Value="True"/>
        <DisableI18NForLFM Value="True"/>
        <ComponentName Value="fbmShadowManagerForm"/>
        <HasResources Value="True"/>
        <ResourceBaseClass Value="Form"/>
      </Unit>
      <Unit>
        <Filename Value="tools/fbmshadowmanager_editunit.pas"/>
        <IsPartOfProject Value="True"/>
        <DisableI18NForLFM Value="True"/>
        <ComponentName Value="fbmShadowManagerEditForm"/>
        <HasResources Value="True"/>
        <ResourceBaseClass Value="Form"/>
      </Unit>
      <Unit>
        <Filename Value="tools/fbminsertdefsqlunit.pas"/>
        <IsPartOfProject Value="True"/>
        <DisableI18NForLFM Value="True"/>
        <ComponentName Value="fbmInsertDefSqlForm"/>
        <HasResources Value="True"/>
        <ResourceBaseClass Value="Form"/>
        <UnitName Value="fbmInsertDefSqlUnit"/>
      </Unit>
      <Unit>
        <Filename Value="tools/fbmtransactionmonitorunit.pas"/>
        <IsPartOfProject Value="True"/>
        <DisableI18NForLFM Value="True"/>
        <ComponentName Value="fbmTransactionMonitorForm"/>
        <HasResources Value="True"/>
        <ResourceBaseClass Value="Form"/>
        <UnitName Value="fbmTransactionMonitorUnit"/>
      </Unit>
      <Unit>
        <Filename Value="dbobjecteditors/IBManDataInspectorUnit.pas"/>
        <IsPartOfProject Value="True"/>
        <DisableI18NForLFM Value="True"/>
        <ComponentName Value="fbManDataInpectorForm"/>
        <HasResources Value="True"/>
        <ResourceBaseClass Value="Form"/>
      </Unit>
      <Unit>
        <Filename Value="sql_engine/sqlengineabstractunit.pas"/>
        <IsPartOfProject Value="True"/>
        <UnitName Value="SQLEngineAbstractUnit"/>
      </Unit>
      <Unit>
        <Filename Value="sql_engine/firebird/fbsqlengineunit.pas"/>
        <IsPartOfProject Value="True"/>
        <UnitName Value="FBSQLEngineUnit"/>
      </Unit>
      <Unit>
        <Filename Value="sql_engine/dbf/dbf_engineunit.pas"/>
        <IsPartOfProject Value="True"/>
      </Unit>
      <Unit>
        <Filename Value="sql_engine/sql_enigines_list.inc"/>
        <IsPartOfProject Value="True"/>
      </Unit>
      <Unit>
        <Filename Value="mainform/fbmcreateconnectionunit.pas"/>
        <IsPartOfProject Value="True"/>
        <ComponentName Value="fbmCreateConnectionForm"/>
        <HasResources Value="True"/>
        <ResourceBaseClass Value="Form"/>
        <UnitName Value="fbmCreateConnectionUnit"/>
      </Unit>
      <Unit>
        <Filename Value="dbobjecteditors/fdmabstracteditorunit.pas"/>
        <IsPartOfProject Value="True"/>
        <ComponentName Value="EditorPage"/>
        <HasResources Value="True"/>
        <ResourceBaseClass Value="Frame"/>
        <UnitName Value="fdmAbstractEditorUnit"/>
      </Unit>
      <Unit>
        <Filename Value="dbobjecteditors/dboTableEditor/fbmtableeditordataunit.pas"/>
        <IsPartOfProject Value="True"/>
        <DisableI18NForLFM Value="True"/>
        <ComponentName Value="fbmTableEditorDataFrame"/>
        <HasResources Value="True"/>
        <ResourceBaseClass Value="Frame"/>
        <UnitName Value="fbmTableEditorDataUnit"/>
      </Unit>
      <Unit>
        <Filename Value="dbobjecteditors/dboTableEditor/fbmtableeditorfieldsunit.pas"/>
        <IsPartOfProject Value="True"/>
        <DisableI18NForLFM Value="True"/>
        <ComponentName Value="fbmTableEditorFieldsFrame"/>
        <HasResources Value="True"/>
        <ResourceBaseClass Value="Frame"/>
        <UnitName Value="fbmTableEditorFieldsUnit"/>
      </Unit>
      <Unit>
        <Filename Value="dbobjecteditors/dboTableEditor/fbmtableeditorindexunit.pas"/>
        <IsPartOfProject Value="True"/>
        <ComponentName Value="fbmTableEditorIndexFrame"/>
        <HasResources Value="True"/>
        <ResourceBaseClass Value="Frame"/>
        <UnitName Value="fbmTableEditorIndexUnit"/>
      </Unit>
      <Unit>
        <Filename Value="sql_engine/firebird/fb_utils.pas"/>
        <IsPartOfProject Value="True"/>
      </Unit>
      <Unit>
        <Filename Value="tools/fbmstrconstunit.pas"/>
        <IsPartOfProject Value="True"/>
        <DisableI18NForLFM Value="True"/>
        <UnitName Value="fbmStrConstUnit"/>
      </Unit>
      <Unit>
        <Filename Value="dbobjecteditors/dboTableEditor/fbmtableeditortriggersunit.pas"/>
        <IsPartOfProject Value="True"/>
        <DisableI18NForLFM Value="True"/>
        <ComponentName Value="fbmTableEditorTriggersFrame"/>
        <HasResources Value="True"/>
        <ResourceBaseClass Value="Frame"/>
        <UnitName Value="fbmTableEditorTriggersUnit"/>
      </Unit>
      <Unit>
        <Filename Value="dbobjecteditors/dboTableEditor/fbmobjecteditordescriptionunit.pas"/>
        <IsPartOfProject Value="True"/>
        <DisableI18NForLFM Value="True"/>
        <ComponentName Value="fbmObjectEditorDescriptionFrame"/>
        <HasResources Value="True"/>
        <ResourceBaseClass Value="Frame"/>
        <UnitName Value="fbmObjectEditorDescriptionUnit"/>
      </Unit>
      <Unit>
        <Filename Value="tools/fbmconnectioneditunit.pas"/>
        <IsPartOfProject Value="True"/>
        <DisableI18NForLFM Value="True"/>
        <ComponentName Value="fbmConnectionEditForm"/>
        <HasResources Value="True"/>
        <ResourceBaseClass Value="Form"/>
        <UnitName Value="fbmConnectionEditUnit"/>
      </Unit>
      <Unit>
        <Filename Value="connection_frames/firebird/fbm_cf_mainunit.pas"/>
        <IsPartOfProject Value="True"/>
        <ComponentName Value="fbmCFMainFrame"/>
        <HasResources Value="True"/>
        <ResourceBaseClass Value="Frame"/>
      </Unit>
      <Unit>
        <Filename Value="connection_frames/fdbm_cf_logunit.pas"/>
        <IsPartOfProject Value="True"/>
        <ComponentName Value="fdbmCFLogFrame"/>
        <HasResources Value="True"/>
        <ResourceBaseClass Value="Frame"/>
        <UnitName Value="fdbm_cf_LogUnit"/>
      </Unit>
      <Unit>
        <Filename Value="connection_frames/firebird/fbm_cf_buckupunit.pas"/>
        <IsPartOfProject Value="True"/>
        <ComponentName Value="fbmCFBackupFrame"/>
        <HasResources Value="True"/>
        <ResourceBaseClass Value="Frame"/>
        <UnitName Value="fbm_cf_BuckupUnit"/>
      </Unit>
      <Unit>
        <Filename Value="connection_frames/firebird/fbm_cf_restoreunit.pas"/>
        <IsPartOfProject Value="True"/>
        <ComponentName Value="fbmCFRestoreFrame"/>
        <HasResources Value="True"/>
        <ResourceBaseClass Value="Frame"/>
        <UnitName Value="fbm_cf_RestoreUnit"/>
      </Unit>
      <Unit>
        <Filename Value="connection_frames/dbf/fdbm_cf_dbfmainunit.pas"/>
        <IsPartOfProject Value="True"/>
        <ComponentName Value="fdbmCFDbfMainFrame"/>
        <HasResources Value="True"/>
        <ResourceBaseClass Value="Frame"/>
        <UnitName Value="fdbm_cf_DbfMainUnit"/>
      </Unit>
      <Unit>
        <Filename Value="sql_engine/sqlenginecommontypesunit.pas"/>
        <IsPartOfProject Value="True"/>
        <DisableI18NForLFM Value="True"/>
        <UnitName Value="SQLEngineCommonTypesUnit"/>
      </Unit>
      <Unit>
        <Filename Value="dbobjecteditors/dboTriggerEditors/fb/fbtriggerheadereditunit.pas"/>
        <IsPartOfProject Value="True"/>
        <DisableI18NForLFM Value="True"/>
        <ComponentName Value="fbTriggerHeaderEditFrame"/>
        <HasResources Value="True"/>
        <ResourceBaseClass Value="Frame"/>
        <UnitName Value="fbTriggerHeaderEditUnit"/>
      </Unit>
      <Unit>
        <Filename Value="dbobjecteditors/dboTableEditor/fdbmtableeditorpklistunit.pas"/>
        <IsPartOfProject Value="True"/>
        <ComponentName Value="fdbmTableEditorPKListFrame"/>
        <HasResources Value="True"/>
        <ResourceBaseClass Value="Frame"/>
        <UnitName Value="fdbmTableEditorPKListUnit"/>
      </Unit>
      <Unit>
        <Filename Value="dbobjecteditors/dboTableEditor/fdbmtableeditorforeignkeyunit.pas"/>
        <IsPartOfProject Value="True"/>
        <DisableI18NForLFM Value="True"/>
        <ComponentName Value="fdbmTableEditorForeignKeyFrame"/>
        <HasResources Value="True"/>
        <ResourceBaseClass Value="Frame"/>
        <UnitName Value="fdbmTableEditorForeignKeyUnit"/>
      </Unit>
      <Unit>
        <Filename Value="sql_engine/oracle/oraclesqlengine.pas"/>
        <IsPartOfProject Value="True"/>
        <DisableI18NForLFM Value="True"/>
        <UnitName Value="OracleSQLEngine"/>
      </Unit>
      <Unit>
        <Filename Value="connection_frames/oracle/fdbm_oraconnectionmainunit.pas"/>
        <IsPartOfProject Value="True"/>
        <ComponentName Value="fdbmOraConnectionMainFrame"/>
        <HasResources Value="True"/>
        <ResourceBaseClass Value="Frame"/>
        <UnitName Value="fdbm_OraConnectionMainUnit"/>
      </Unit>
      <Unit>
        <Filename Value="controls/ora_VisualToolsCallUnit.pas"/>
        <IsPartOfProject Value="True"/>
      </Unit>
      <Unit>
        <Filename Value="dbobjecteditors/dboStoredProcedure/fbmspedtmainpageunit.pas"/>
        <IsPartOfProject Value="True"/>
        <DisableI18NForLFM Value="True"/>
        <ComponentName Value="fbmSPEdtMainPageFrame"/>
        <HasResources Value="True"/>
        <ResourceBaseClass Value="Frame"/>
        <UnitName Value="fbmSPEdtMainPageUnit"/>
      </Unit>
      <Unit>
        <Filename Value="dbobjecteditors/dboViewEditors/fbmvieweditormainunit.pas"/>
        <IsPartOfProject Value="True"/>
        <ComponentName Value="fbmViewEditorMainFrame"/>
        <HasResources Value="True"/>
        <ResourceBaseClass Value="Frame"/>
        <UnitName Value="fbmViewEditorMainUnit"/>
      </Unit>
      <Unit>
        <Filename Value="sql_engine/fbmsqlparserunit.pas"/>
        <IsPartOfProject Value="True"/>
        <UnitName Value="fbmSqlParserUnit"/>
      </Unit>
      <Unit>
        <Filename Value="dbobjecteditors/dboDomain/fbmdomainmaineditorunit.pas"/>
        <IsPartOfProject Value="True"/>
        <DisableI18NForLFM Value="True"/>
        <ComponentName Value="fbmDomainMainEditorFrame"/>
        <HasResources Value="True"/>
        <ResourceBaseClass Value="Frame"/>
        <UnitName Value="fbmDomainMainEditorUnit"/>
      </Unit>
      <Unit>
        <Filename Value="dbobjecteditors/dboRole/fbmrolemaineditorunit.pas"/>
        <IsPartOfProject Value="True"/>
        <DisableI18NForLFM Value="True"/>
        <ComponentName Value="fbmRoleMainEditorFrame"/>
        <HasResources Value="True"/>
        <ResourceBaseClass Value="Frame"/>
        <UnitName Value="fbmRoleMainEditorUnit"/>
      </Unit>
      <Unit>
        <Filename Value="dbobjecteditors/dboException/fbmexceptionmaineditorunit.pas"/>
        <IsPartOfProject Value="True"/>
        <DisableI18NForLFM Value="True"/>
        <ComponentName Value="fbmExceptionMainEditorFrame"/>
        <HasResources Value="True"/>
        <ResourceBaseClass Value="Frame"/>
        <UnitName Value="fbmExceptionMainEditorUnit"/>
      </Unit>
      <Unit>
        <Filename Value="dbobjecteditors/dboGenerator/fbmgeneratormaineditorunit.pas"/>
        <IsPartOfProject Value="True"/>
        <DisableI18NForLFM Value="True"/>
        <ComponentName Value="fbmGeneratorMainEditorFrame"/>
        <HasResources Value="True"/>
        <ResourceBaseClass Value="Frame"/>
        <UnitName Value="fbmGeneratorMainEditorUnit"/>
      </Unit>
      <Unit>
        <Filename Value="dbobjecteditors/dboUDF/fbmudfmaineditorunit.pas"/>
        <IsPartOfProject Value="True"/>
        <ComponentName Value="fbmUDFMainEditorFrame"/>
        <HasResources Value="True"/>
        <ResourceBaseClass Value="Frame"/>
        <UnitName Value="fbmUDFMainEditorUnit"/>
      </Unit>
      <Unit>
        <Filename Value="sql_engine/firebird/fb_charsetutils.pas"/>
        <IsPartOfProject Value="True"/>
        <UnitName Value="fb_CharSetUtils"/>
      </Unit>
      <Unit>
        <Filename Value="sql_engine/oracle/oracle_sql_lines_unit.pas"/>
        <IsPartOfProject Value="True"/>
        <DisableI18NForLFM Value="True"/>
        <UnitName Value="oracle_Sql_Lines_Unit"/>
      </Unit>
      <Unit>
        <Filename Value="config/cfoiunit.pas"/>
        <IsPartOfProject Value="True"/>
        <ComponentName Value="cfOIFrame"/>
        <HasResources Value="True"/>
        <ResourceBaseClass Value="Frame"/>
        <UnitName Value="cfOIUnit"/>
      </Unit>
      <Unit>
        <Filename Value="config/cfabstractconfigframeunit.pas"/>
        <IsPartOfProject Value="True"/>
        <ComponentName Value="FBMConfigPageAbstract"/>
        <HasResources Value="True"/>
        <ResourceBaseClass Value="Frame"/>
        <UnitName Value="cfAbstractConfigFrameUnit"/>
      </Unit>
      <Unit>
        <Filename Value="config/cfgridoptionsunit.pas"/>
        <IsPartOfProject Value="True"/>
        <ComponentName Value="cfGridOptionsFrame"/>
        <HasResources Value="True"/>
        <ResourceBaseClass Value="Frame"/>
        <UnitName Value="cfGridOptionsUnit"/>
      </Unit>
      <Unit>
        <Filename Value="config/cfreportsoptionsunit.pas"/>
        <IsPartOfProject Value="True"/>
        <ComponentName Value="cfReportsOptionsFrame"/>
        <HasResources Value="True"/>
        <ResourceBaseClass Value="Frame"/>
        <UnitName Value="cfReportsOptionsUnit"/>
      </Unit>
      <Unit>
        <Filename Value="config/cfgeneraloptionsunit.pas"/>
        <IsPartOfProject Value="True"/>
        <ComponentName Value="cfGeneralOptionsFrame"/>
        <HasResources Value="True"/>
        <ResourceBaseClass Value="Frame"/>
        <UnitName Value="cfGeneralOptionsUnit"/>
      </Unit>
      <Unit>
        <Filename Value="config/FireBird/cffirebirdoptionsunit.pas"/>
        <IsPartOfProject Value="True"/>
        <ComponentName Value="cfFireBirdOptionsFrame"/>
        <HasResources Value="True"/>
        <ResourceBaseClass Value="Frame"/>
        <UnitName Value="cfFireBirdOptionsUnit"/>
      </Unit>
      <Unit>
        <Filename Value="config/cfsqleditoroptionsunit.pas"/>
        <IsPartOfProject Value="True"/>
        <ComponentName Value="cfSQLEditorOptionsFrame"/>
        <HasResources Value="True"/>
        <ResourceBaseClass Value="Frame"/>
        <UnitName Value="cfSQLEditorOptionsUnit"/>
      </Unit>
      <Unit>
        <Filename Value="SqlEditor/feditsearch.pas"/>
        <IsPartOfProject Value="True"/>
        <ComponentName Value="frmEditSearchReplace"/>
        <HasResources Value="True"/>
        <ResourceBaseClass Value="Form"/>
        <UnitName Value="fEditSearch"/>
      </Unit>
      <Unit>
        <Filename Value="config/FireBird/cffirebirdtransactionsparamsunit.pas"/>
        <IsPartOfProject Value="True"/>
        <ComponentName Value="cfFirebirdTransactionsParamsFrame"/>
        <HasResources Value="True"/>
        <ResourceBaseClass Value="Frame"/>
        <UnitName Value="cfFirebirdTransactionsParamsUnit"/>
      </Unit>
      <Unit>
        <Filename Value="connection_frames/fdbm_connectionabstractunit.pas"/>
        <IsPartOfProject Value="True"/>
        <ComponentName Value="ConnectionDlgPage"/>
        <HasResources Value="True"/>
        <ResourceBaseClass Value="Frame"/>
        <UnitName Value="fdbm_ConnectionAbstractUnit"/>
      </Unit>
      <Unit>
        <Filename Value="controls/fdbm_pageddialogunit.pas"/>
        <IsPartOfProject Value="True"/>
        <ComponentName Value="fdbm_PagedDialogForm"/>
        <HasResources Value="True"/>
        <ResourceBaseClass Value="Form"/>
        <UnitName Value="fdbm_PagedDialogUnit"/>
      </Unit>
      <Unit>
        <Filename Value="controls/fdbm_pageddialogpageunit.pas"/>
        <IsPartOfProject Value="True"/>
        <ComponentName Value="PagedDialogPage"/>
        <HasResources Value="True"/>
        <ResourceBaseClass Value="Frame"/>
        <UnitName Value="fdbm_PagedDialogPageUnit"/>
      </Unit>
      <Unit>
        <Filename Value="connection_frames/firebird/fbm_cf_transactionunit.pas"/>
        <IsPartOfProject Value="True"/>
        <ComponentName Value="fbmCFTransactionFrame"/>
        <HasResources Value="True"/>
        <ResourceBaseClass Value="Frame"/>
        <UnitName Value="fbm_cf_TransactionUnit"/>
      </Unit>
      <Unit>
        <Filename Value="sql_engine/firebird/fb_constunit.pas"/>
        <IsPartOfProject Value="True"/>
        <UnitName Value="fb_ConstUnit"/>
      </Unit>
      <Unit>
        <Filename Value="ErrorForms/fbmerrorboxunit.pas"/>
        <IsPartOfProject Value="True"/>
        <DisableI18NForLFM Value="True"/>
        <ComponentName Value="fbmErrorBoxForm"/>
        <HasResources Value="True"/>
        <ResourceBaseClass Value="Form"/>
        <UnitName Value="fbmErrorBoxUnit"/>
      </Unit>
      <Unit>
        <Filename Value="dbobjecteditors/dboRole/fbmrolegrantusersunit.pas"/>
        <IsPartOfProject Value="True"/>
        <DisableI18NForLFM Value="True"/>
        <ComponentName Value="fbmRoleGrantUsersFrame"/>
        <HasResources Value="True"/>
        <ResourceBaseClass Value="Frame"/>
        <UnitName Value="fbmRoleGrantUsersUnit"/>
      </Unit>
      <Unit>
        <Filename Value="SqlEditor/fbmsqleditorclassesunit.pas"/>
        <IsPartOfProject Value="True"/>
        <UnitName Value="fbmSQLEditorClassesUnit"/>
      </Unit>
      <Unit>
        <Filename Value="help_forms/fbmshownewsunit.pas"/>
        <IsPartOfProject Value="True"/>
        <ComponentName Value="fbmShowNewsForm"/>
        <HasResources Value="True"/>
        <ResourceBaseClass Value="Form"/>
        <UnitName Value="fbmShowNewsUnit"/>
      </Unit>
      <Unit>
        <Filename Value="dbobjecteditors/dboRole/fbmrolesdbobjectsgrantunit.pas"/>
        <IsPartOfProject Value="True"/>
        <DisableI18NForLFM Value="True"/>
        <ComponentName Value="fbmRolesDBObjectsGrantForm"/>
        <HasResources Value="True"/>
        <ResourceBaseClass Value="Frame"/>
        <UnitName Value="fbmRolesDBObjectsGrantUnit"/>
      </Unit>
      <Unit>
        <Filename Value="controls/fdbm_syneditorunit.pas"/>
        <IsPartOfProject Value="True"/>
        <DisableI18NForLFM Value="True"/>
        <ComponentName Value="fdbm_SynEditorFrame"/>
        <HasResources Value="True"/>
        <ResourceBaseClass Value="Frame"/>
        <UnitName Value="fdbm_SynEditorUnit"/>
      </Unit>
      <Unit>
        <Filename Value="dbobjecteditors/fbmdbodependenunit.pas"/>
        <IsPartOfProject Value="True"/>
        <ComponentName Value="DependenciesFrame"/>
        <HasResources Value="True"/>
        <ResourceBaseClass Value="Frame"/>
        <UnitName Value="fbmdboDependenUnit"/>
      </Unit>
      <Unit>
        <Filename Value="connection_frames/fdbm_cf_displaydataparamsunit.pas"/>
        <IsPartOfProject Value="True"/>
        <ComponentName Value="fdbmCFDisplayDataParamsPage"/>
        <HasResources Value="True"/>
        <ResourceBaseClass Value="Frame"/>
        <UnitName Value="fdbm_cf_DisplayDataParamsUnit"/>
      </Unit>
      <Unit>
        <Filename Value="dbobjecteditors/fbmddlpageunit.pas"/>
        <IsPartOfProject Value="True"/>
        <ComponentName Value="fbmDDLPage"/>
        <HasResources Value="True"/>
        <ResourceBaseClass Value="Frame"/>
        <UnitName Value="fbmDDLPageUnit"/>
      </Unit>
      <Unit>
        <Filename Value="sql_engine/firebird/fbkeywordsunit.pas"/>
        <IsPartOfProject Value="True"/>
        <DisableI18NForLFM Value="True"/>
        <UnitName Value="fbKeywordsUnit"/>
      </Unit>
      <Unit>
        <Filename Value="sql_engine/oracle/oracle_keywords.pas"/>
        <IsPartOfProject Value="True"/>
        <DisableI18NForLFM Value="True"/>
      </Unit>
      <Unit>
        <Filename Value="tools/fdbmsynautocompletionslists.pas"/>
        <IsPartOfProject Value="True"/>
        <DisableI18NForLFM Value="True"/>
        <UnitName Value="fdbmSynAutoCompletionsLists"/>
      </Unit>
      <Unit>
        <Filename Value="config/cfkeyboardtemplatesunit.pas"/>
        <IsPartOfProject Value="True"/>
        <ComponentName Value="cfKeyboardTemplatesForm"/>
        <HasResources Value="True"/>
        <ResourceBaseClass Value="Form"/>
        <UnitName Value="cfKeyboardTemplatesUnit"/>
      </Unit>
      <Unit>
        <Filename Value="sql_engine/mssql/mssq_engine.pas"/>
        <IsPartOfProject Value="True"/>
        <DisableI18NForLFM Value="True"/>
      </Unit>
      <Unit>
        <Filename Value="connection_frames/mssql/cf_mssql_mainunit.pas"/>
        <IsPartOfProject Value="True"/>
        <ComponentName Value="cf_mssql_main_frame"/>
        <HasResources Value="True"/>
        <ResourceBaseClass Value="Frame"/>
        <UnitName Value="cf_mssql_mainUnit"/>
      </Unit>
      <Unit>
        <Filename Value="sql_engine/mssql/mssql_sql_lines_unit.pas"/>
        <IsPartOfProject Value="True"/>
        <DisableI18NForLFM Value="True"/>
      </Unit>
      <Unit>
        <Filename Value="SqlEditor/dsdesignerunit.pas"/>
        <IsPartOfProject Value="True"/>
        <DisableI18NForLFM Value="True"/>
        <ComponentName Value="SQLBuilderForm"/>
        <HasResources Value="True"/>
        <ResourceBaseClass Value="Form"/>
        <UnitName Value="dsDesignerUnit"/>
      </Unit>
      <Unit>
        <Filename Value="SqlEditor/dsobjectsunit.pas"/>
        <IsPartOfProject Value="True"/>
        <UnitName Value="dsObjectsUnit"/>
      </Unit>
      <Unit>
        <Filename Value="SqlEditor/dslinkpropertysunit.pas"/>
        <IsPartOfProject Value="True"/>
        <DisableI18NForLFM Value="True"/>
        <ComponentName Value="dsLinkPropertysForm"/>
        <HasResources Value="True"/>
        <ResourceBaseClass Value="Form"/>
        <UnitName Value="dsLinkPropertysUnit"/>
      </Unit>
      <Unit>
        <Filename Value="sql_engine/mssql/mssql_objectslist.pas"/>
        <IsPartOfProject Value="True"/>
        <DisableI18NForLFM Value="True"/>
        <UnitName Value="mssql_ObjectsList"/>
      </Unit>
      <Unit>
        <Filename Value="sql_engine/mssql/mssql_freetdsconfig_unit.pas"/>
        <IsPartOfProject Value="True"/>
        <DisableI18NForLFM Value="True"/>
        <ComponentName Value="mssqlFreeTDSConfigForm"/>
        <HasResources Value="True"/>
        <ResourceBaseClass Value="Form"/>
        <UnitName Value="mssql_FreeTDSConfig_Unit"/>
      </Unit>
      <Unit>
        <Filename Value="sql_engine/PostgreSQL/postgresqlengineunit.pas"/>
        <IsPartOfProject Value="True"/>
        <UnitName Value="PostgreSQLEngineUnit"/>
      </Unit>
      <Unit>
        <Filename Value="sql_engine/sqlengineinternaltoolsunit.pas"/>
        <IsPartOfProject Value="True"/>
        <DisableI18NForLFM Value="True"/>
        <UnitName Value="SQLEngineInternalToolsUnit"/>
      </Unit>
      <Unit>
        <Filename Value="fbmanager_define.inc"/>
        <IsPartOfProject Value="True"/>
      </Unit>
      <Unit>
        <Filename Value="sql_engine/PostgreSQL/pg_sql_lines_unit.pas"/>
        <IsPartOfProject Value="True"/>
      </Unit>
      <Unit>
        <Filename Value="dbobjecteditors/dboRole/fbmusereditorunit.pas"/>
        <IsPartOfProject Value="True"/>
        <DisableI18NForLFM Value="True"/>
        <ComponentName Value="fbmUserEditorForm"/>
        <HasResources Value="True"/>
        <ResourceBaseClass Value="Frame"/>
        <UnitName Value="fbmUserEditorUnit"/>
      </Unit>
      <Unit>
        <Filename Value="dbobjecteditors/dboGroups/fbmgroupeditframeunit.pas"/>
        <IsPartOfProject Value="True"/>
        <ComponentName Value="fbmGroupEditFrameEditor"/>
        <HasResources Value="True"/>
        <ResourceBaseClass Value="Frame"/>
        <UnitName Value="fbmGroupEditFrameUnit"/>
      </Unit>
      <Unit>
        <Filename Value="connection_frames/fdbm_showobjectsunit.pas"/>
        <IsPartOfProject Value="True"/>
        <ComponentName Value="fdbm_ShowObjectsPage"/>
        <HasResources Value="True"/>
        <ResourceBaseClass Value="Frame"/>
        <UnitName Value="fdbm_ShowObjectsUnit"/>
      </Unit>
      <Unit>
        <Filename Value="sql_engine/PostgreSQL/pgkeywordsunit.pas"/>
        <IsPartOfProject Value="True"/>
        <UnitName Value="PGKeywordsUnit"/>
      </Unit>
      <Unit>
        <Filename Value="sql_engine/PostgreSQL/pgsqlenginesecurityunit.pas"/>
        <IsPartOfProject Value="True"/>
        <UnitName Value="pgSqlEngineSecurityUnit"/>
      </Unit>
      <Unit>
        <Filename Value="connection_frames/postgre/pg_con_mainpageunit.pas"/>
        <IsPartOfProject Value="True"/>
        <ComponentName Value="pg_con_MainPage"/>
        <HasResources Value="True"/>
        <ResourceBaseClass Value="Frame"/>
        <UnitName Value="pg_con_MainPageUnit"/>
      </Unit>
      <Unit>
        <Filename Value="dbobjecteditors/dboScheme/fdbm_schemeeditorunit.pas"/>
        <IsPartOfProject Value="True"/>
        <DisableI18NForLFM Value="True"/>
        <ComponentName Value="fdbm_SchemeEditorForm"/>
        <HasResources Value="True"/>
        <ResourceBaseClass Value="Frame"/>
        <UnitName Value="fdbm_SchemeEditorUnit"/>
      </Unit>
      <Unit>
        <Filename Value="sql_engine/PostgreSQL/pg_utils.pas"/>
        <IsPartOfProject Value="True"/>
      </Unit>
      <Unit>
        <Filename Value="dbobjecteditors/dboTriggerEditors/postgre/pgtriggereditorunit.pas"/>
        <IsPartOfProject Value="True"/>
        <DisableI18NForLFM Value="True"/>
        <ComponentName Value="pgTriggerEditorPage"/>
        <HasResources Value="True"/>
        <ResourceBaseClass Value="Frame"/>
        <UnitName Value="pgTriggerEditorUnit"/>
      </Unit>
      <Unit>
        <Filename Value="dbobjecteditors/dboTableEditor/fdbmtableeditoruniqueunit.pas"/>
        <IsPartOfProject Value="True"/>
        <ComponentName Value="fdbmTableEditorUniqueFrame"/>
        <HasResources Value="True"/>
        <ResourceBaseClass Value="Frame"/>
        <UnitName Value="fdbmTableEditorUniqueUnit"/>
      </Unit>
      <Unit>
        <Filename Value="dbobjecteditors/dboGenerator/postgres/fbm_pgeditsequenceunit.pas"/>
        <IsPartOfProject Value="True"/>
        <DisableI18NForLFM Value="True"/>
        <ComponentName Value="fbm_pgEditSequencePage"/>
        <HasResources Value="True"/>
        <ResourceBaseClass Value="Frame"/>
        <UnitName Value="fbm_pgEditSequenceUnit"/>
      </Unit>
      <Unit>
        <Filename Value="config/cfsystemconfirmationunit.pas"/>
        <IsPartOfProject Value="True"/>
        <ComponentName Value="cfSystemConfirmationFrame"/>
        <HasResources Value="True"/>
        <ResourceBaseClass Value="Frame"/>
        <UnitName Value="cfSystemConfirmationUnit"/>
      </Unit>
      <Unit>
        <Filename Value="dbobjecteditors/dboStoredProcedure/fbmpostgreespedtmainpageunit.pas"/>
        <IsPartOfProject Value="True"/>
        <DisableI18NForLFM Value="True"/>
        <ComponentName Value="fbmPostGreeFunctionEdtMainPage"/>
        <HasResources Value="True"/>
        <ResourceBaseClass Value="Frame"/>
        <UnitName Value="fbmPostGreeSPedtMainPageUnit"/>
      </Unit>
      <Unit>
        <Filename Value="dbobjecteditors/dboStoredProcedure/fbmpostgreespedtmainpage_editparamunit.pas"/>
        <IsPartOfProject Value="True"/>
        <DisableI18NForLFM Value="True"/>
        <ComponentName Value="fbmPostGreeSPedtMainPage_EditParamForm"/>
        <HasResources Value="True"/>
        <ResourceBaseClass Value="Form"/>
        <UnitName Value="fbmPostGreeSPedtMainPage_EditParamUnit"/>
      </Unit>
      <Unit>
        <Filename Value="sql_engine/PostgreSQL/pgtypes.pas"/>
        <IsPartOfProject Value="True"/>
        <UnitName Value="pgTypes"/>
      </Unit>
      <Unit>
        <Filename Value="sql_engine/PostgreSQL/pgsqltextunit.pas"/>
        <IsPartOfProject Value="True"/>
        <ComponentName Value="pgSqlTextModule"/>
        <HasResources Value="True"/>
        <ResourceBaseClass Value="DataModule"/>
        <UnitName Value="pgSqlTextUnit"/>
      </Unit>
      <Unit>
        <Filename Value="controls/PostgreSQL/pgcreatedatabaseunit.pas"/>
        <IsPartOfProject Value="True"/>
        <ComponentName Value="pgCreateDatabaseForm"/>
        <HasResources Value="True"/>
        <ResourceBaseClass Value="Form"/>
        <UnitName Value="pgCreateDatabaseUnit"/>
      </Unit>
      <Unit>
        <Filename Value="tools/Postgre/pgactivitimonitorunit.pas"/>
        <IsPartOfProject Value="True"/>
        <ComponentName Value="pgActivitiMonitorForm"/>
        <HasResources Value="True"/>
        <ResourceBaseClass Value="Form"/>
        <UnitName Value="pgActivitiMonitorUnit"/>
      </Unit>
      <Unit>
        <Filename Value="controls/PostgreSQL/pg_visualtoolscallunit.pas"/>
        <IsPartOfProject Value="True"/>
        <UnitName Value="pg_VisualToolsCallUnit"/>
      </Unit>
      <Unit>
        <Filename Value="dbobjecteditors/dboIndex/postgre/pgindexeditorframeunit.pas"/>
        <IsPartOfProject Value="True"/>
        <ComponentName Value="pgIndexEditorPage"/>
        <HasResources Value="True"/>
        <ResourceBaseClass Value="Frame"/>
        <UnitName Value="pgIndexEditorFrameUnit"/>
      </Unit>
      <Unit>
        <Filename Value="dbobjecteditors/dboTableSpace/pgtablespaceeditorunit.pas"/>
        <IsPartOfProject Value="True"/>
        <ComponentName Value="pgTableSpaceEditorPage"/>
        <HasResources Value="True"/>
        <ResourceBaseClass Value="Frame"/>
        <UnitName Value="pgTableSpaceEditorUnit"/>
      </Unit>
      <Unit>
        <Filename Value="options/fbmobjecttemplatesunit.pas"/>
        <IsPartOfProject Value="True"/>
        <ComponentName Value="fbmObjectTemplatesForm"/>
        <HasResources Value="True"/>
        <ResourceBaseClass Value="Form"/>
        <UnitName Value="fbmObjectTemplatesunit"/>
      </Unit>
      <Unit>
        <Filename Value="tools/fbmsqltextcommonunit.pas"/>
        <IsPartOfProject Value="True"/>
        <UnitName Value="fbmSQLTextCommonUnit"/>
      </Unit>
      <Unit>
        <Filename Value="dbobjecteditors/dboTableEditor/postgresql/fbmpgacleditunit.pas"/>
        <IsPartOfProject Value="True"/>
        <DisableI18NForLFM Value="True"/>
        <ComponentName Value="fbmpgACLEditEditor"/>
        <HasResources Value="True"/>
        <ResourceBaseClass Value="Frame"/>
        <UnitName Value="fbmpgACLEditUnit"/>
      </Unit>
      <Unit>
        <Filename Value="dbobjecteditors/dboLanguages/Postgre/fbmpglanguageunit.pas"/>
        <IsPartOfProject Value="True"/>
        <ComponentName Value="fbmPGLanguagePage"/>
        <HasResources Value="True"/>
        <ResourceBaseClass Value="Frame"/>
        <UnitName Value="fbmPGLanguageUnit"/>
      </Unit>
      <Unit>
        <Filename Value="config/Postgree/cfpostgreeconfigmiskunit.pas"/>
        <IsPartOfProject Value="True"/>
        <ComponentName Value="cfPostgreeConfigMiskFrame"/>
        <HasResources Value="True"/>
        <ResourceBaseClass Value="Frame"/>
        <UnitName Value="cfPostgreeConfigMiskUnit"/>
      </Unit>
      <Unit>
        <Filename Value="config/Postgree/otpostgreproctemplateunit.pas"/>
        <IsPartOfProject Value="True"/>
        <ComponentName Value="otPostgreProcTemplatePage"/>
        <HasResources Value="True"/>
        <ResourceBaseClass Value="Frame"/>
        <UnitName Value="otPostgreProcTemplateUnit"/>
      </Unit>
      <Unit>
        <Filename Value="config/Postgree/otpostgretriggertemplateunit.pas"/>
        <IsPartOfProject Value="True"/>
        <ComponentName Value="otPostgreTriggerTemplatePage"/>
        <HasResources Value="True"/>
        <ResourceBaseClass Value="Frame"/>
        <UnitName Value="otPostgreTriggerTemplateUnit"/>
      </Unit>
      <Unit>
        <Filename Value="connection_frames/postgre/pg_con_editorprefunit.pas"/>
        <IsPartOfProject Value="True"/>
        <ComponentName Value="pg_con_EditorPrefPage"/>
        <HasResources Value="True"/>
        <ResourceBaseClass Value="Frame"/>
        <UnitName Value="pg_con_EditorPrefUnit"/>
      </Unit>
      <Unit>
        <Filename Value="SqlEditor/fbmsqlparamvalueeditorunit.pas"/>
        <IsPartOfProject Value="True"/>
        <ComponentName Value="fbmSQLParamValueEditorFrame"/>
        <HasResources Value="True"/>
        <ResourceBaseClass Value="Frame"/>
        <UnitName Value="fbmSQLParamValueEditorUnit"/>
      </Unit>
      <Unit>
        <Filename Value="controls/fdbm_syneditorcompletionhintunit.pas"/>
        <IsPartOfProject Value="True"/>
        <UnitName Value="fdbm_SynEditorCompletionHintUnit"/>
      </Unit>
      <Unit>
        <Filename Value="tools/tlssearchinmetatdataparamsunit.pas"/>
        <IsPartOfProject Value="True"/>
        <ComponentName Value="tlsSearchInMetatDataParamsForm"/>
        <HasResources Value="True"/>
        <ResourceBaseClass Value="Form"/>
        <UnitName Value="tlsSearchInMetatDataParamsUnit"/>
      </Unit>
      <Unit>
        <Filename Value="tools/tlssearchinmetatdataresultunit.pas"/>
        <IsPartOfProject Value="True"/>
        <ComponentName Value="tlsSearchInMetatDataResultForm"/>
        <HasResources Value="True"/>
        <ResourceBaseClass Value="Form"/>
        <UnitName Value="tlsSearchInMetatDataResultUnit"/>
      </Unit>
      <Unit>
        <Filename Value="tools/tlsprogressoperationunit.pas"/>
        <IsPartOfProject Value="True"/>
        <ComponentName Value="tlsProgressOperationForm"/>
        <HasResources Value="True"/>
        <ResourceBaseClass Value="Form"/>
        <UnitName Value="tlsProgressOperationUnit"/>
      </Unit>
      <Unit>
        <Filename Value="dbobjecteditors/dboTableEditor/postgresql/fbmpgtablepropertysunit.pas"/>
        <IsPartOfProject Value="True"/>
        <DisableI18NForLFM Value="True"/>
        <ComponentName Value="fbmpgTablePropertysFrame"/>
        <HasResources Value="True"/>
        <ResourceBaseClass Value="Frame"/>
      </Unit>
      <Unit>
        <Filename Value="sql_engine/firebird/fb_sqlparserunit.pas"/>
        <IsPartOfProject Value="True"/>
        <UnitName Value="fb_SqlParserUnit"/>
      </Unit>
      <Unit>
        <Filename Value="sql_engine/PostgreSQL/pg_sqlparserunit.pas"/>
        <IsPartOfProject Value="True"/>
        <UnitName Value="pg_SqlParserUnit"/>
      </Unit>
      <Unit>
        <Filename Value="sql_engine/mysql/mysql_engine.pas"/>
        <IsPartOfProject Value="True"/>
      </Unit>
      <Unit>
        <Filename Value="sql_engine/mysql/mysql_types.pas"/>
        <IsPartOfProject Value="True"/>
      </Unit>
      <Unit>
        <Filename Value="connection_frames/mysql/mysql_con_mainpageunit.pas"/>
        <IsPartOfProject Value="True"/>
        <ComponentName Value="MySQL_con_MainPage"/>
        <HasResources Value="True"/>
        <ResourceBaseClass Value="Frame"/>
        <UnitName Value="MySQL_con_MainPageUnit"/>
      </Unit>
      <Unit>
        <Filename Value="sql_engine/mysql/mysqldatamoduleunit.pas"/>
        <IsPartOfProject Value="True"/>
        <ComponentName Value="MySqlDM"/>
        <HasResources Value="True"/>
        <ResourceBaseClass Value="DataModule"/>
        <UnitName Value="mysqlDataModuleUnit"/>
      </Unit>
      <Unit>
        <Filename Value="sql_engine/mysql/mysqlkeywords.pas"/>
        <IsPartOfProject Value="True"/>
        <UnitName Value="MySQLKeywords"/>
      </Unit>
      <Unit>
        <Filename Value="dbobjecteditors/dboStoredProcedure/fbmmysqlspedtmainpageunit.pas"/>
        <IsPartOfProject Value="True"/>
        <ComponentName Value="fbmMySQLSPEdtMainPage"/>
        <HasResources Value="True"/>
        <ResourceBaseClass Value="Frame"/>
        <UnitName Value="fbmMySQLSPEdtMainPageUnit"/>
      </Unit>
      <Unit>
        <Filename Value="dbobjecteditors/dboTableEditor/mysql/fbmmysqltablepropsunit.pas"/>
        <IsPartOfProject Value="True"/>
        <ComponentName Value="fbmMySQLTablePropsFrame"/>
        <HasResources Value="True"/>
        <ResourceBaseClass Value="Frame"/>
        <UnitName Value="fbmMySQLTablePropsUnit"/>
      </Unit>
      <Unit>
        <Filename Value="dbobjecteditors/dboRule/fbmpgruleeditorunit.pas"/>
        <IsPartOfProject Value="True"/>
        <ComponentName Value="PGRuleEditorPage"/>
        <HasResources Value="True"/>
        <ResourceBaseClass Value="Frame"/>
        <UnitName Value="fbmPGRuleEditorUnit"/>
      </Unit>
      <Unit>
        <Filename Value="dbobjecteditors/dboRule/fbmpgrulelistunit.pas"/>
        <IsPartOfProject Value="True"/>
        <ComponentName Value="PGRuleListPage"/>
        <HasResources Value="True"/>
        <ResourceBaseClass Value="Frame"/>
        <UnitName Value="fbmPGRuleListUnit"/>
      </Unit>
      <Unit>
        <Filename Value="dbobjecteditors/dboTableEditor/postgresql/fbmpgtablecheckconstaintunit.pas"/>
        <IsPartOfProject Value="True"/>
        <DisableI18NForLFM Value="True"/>
        <ComponentName Value="fbmpgTableCheckConstaintPage"/>
        <HasResources Value="True"/>
        <ResourceBaseClass Value="Frame"/>
        <UnitName Value="fbmpgTableCheckConstaintUnit"/>
      </Unit>
      <Unit>
        <Filename Value="dbobjecteditors/dboTableEditor/postgresql/fbmpgtablecheckconstaint_editunit.pas"/>
        <IsPartOfProject Value="True"/>
        <DisableI18NForLFM Value="True"/>
        <ComponentName Value="fbmpgTableCheckConstaint_EditForm"/>
        <HasResources Value="True"/>
        <ResourceBaseClass Value="Form"/>
        <UnitName Value="fbmpgTableCheckConstaint_EditUnit"/>
      </Unit>
      <Unit>
        <Filename Value="SqlEditor/fbmsqleditor_showmemounit.pas"/>
        <IsPartOfProject Value="True"/>
        <DisableI18NForLFM Value="True"/>
        <ComponentName Value="fbmSQLEditor_ShowMemoForm"/>
        <HasResources Value="True"/>
        <ResourceBaseClass Value="Form"/>
        <UnitName Value="fbmSQLEditor_ShowMemoUnit"/>
      </Unit>
      <Unit>
        <Filename Value="dbobjecteditors/dboTableEditor/postgresql/fbmcreateproctableunit.pas"/>
        <IsPartOfProject Value="True"/>
        <ComponentName Value="fbmCreateProcTableForm"/>
        <HasResources Value="True"/>
        <ResourceBaseClass Value="Form"/>
        <UnitName Value="fbmCreateProcTableUnit"/>
      </Unit>
      <Unit>
        <Filename Value="sql_engine/PostgreSQL/pg_tasks.pas"/>
        <IsPartOfProject Value="True"/>
      </Unit>
      <Unit>
        <Filename Value="dbobjecteditors/dboTasks/pgtaskmainunit.pas"/>
        <IsPartOfProject Value="True"/>
        <ComponentName Value="pgTaskMainPage"/>
        <HasResources Value="True"/>
        <ResourceBaseClass Value="Frame"/>
        <UnitName Value="pgTaskMainUnit"/>
      </Unit>
      <Unit>
        <Filename Value="dbobjecteditors/dboTasks/pgtaskstepsunit.pas"/>
        <IsPartOfProject Value="True"/>
        <ComponentName Value="pgTaskStepsPage"/>
        <HasResources Value="True"/>
        <ResourceBaseClass Value="Frame"/>
        <UnitName Value="pgTaskStepsUnit"/>
      </Unit>
      <Unit>
        <Filename Value="dbobjecteditors/dboTasks/pgtasktasksunit.pas"/>
        <IsPartOfProject Value="True"/>
        <ComponentName Value="pgTaskShedulePage"/>
        <HasResources Value="True"/>
        <ResourceBaseClass Value="Frame"/>
        <UnitName Value="pgTaskTasksUnit"/>
      </Unit>
      <Unit>
        <Filename Value="dbobjecteditors/dboTasks/pgtasklogunit.pas"/>
        <IsPartOfProject Value="True"/>
        <ComponentName Value="pgTaskLogPage"/>
        <HasResources Value="True"/>
        <ResourceBaseClass Value="Frame"/>
        <UnitName Value="pgTaskLogUnit"/>
      </Unit>
      <Unit>
        <Filename Value="dbobjecteditors/dboTasks/pgtaskstepsbuildconnectionunit.pas"/>
        <IsPartOfProject Value="True"/>
        <ComponentName Value="pgTaskStepsBuildConnectionForm"/>
        <HasResources Value="True"/>
        <ResourceBaseClass Value="Form"/>
        <UnitName Value="pgTaskStepsBuildConnectionUnit"/>
      </Unit>
      <Unit>
        <Filename Value="tools/fbmextractunit.pas"/>
        <IsPartOfProject Value="True"/>
        <ComponentName Value="fbmExtractForm"/>
        <HasResources Value="True"/>
        <ResourceBaseClass Value="Form"/>
        <UnitName Value="fbmExtractUnit"/>
      </Unit>
      <Unit>
        <Filename Value="tools/fbmreportmanagerunit.pas"/>
        <IsPartOfProject Value="True"/>
        <ComponentName Value="fbmReportManagerForm"/>
        <HasResources Value="True"/>
        <ResourceBaseClass Value="Form"/>
        <UnitName Value="fbmReportManagerUnit"/>
      </Unit>
      <Unit>
        <Filename Value="mainform/fbmoifoldersunit.pas"/>
        <IsPartOfProject Value="True"/>
        <UnitName Value="fbmOIFoldersUnit"/>
      </Unit>
      <Unit>
        <Filename Value="tools/fbmoifolder_editunit.pas"/>
        <IsPartOfProject Value="True"/>
        <ComponentName Value="fbmOIFolder_EditForm"/>
        <HasResources Value="True"/>
        <ResourceBaseClass Value="Form"/>
        <UnitName Value="fbmOIFolder_EditUnit"/>
      </Unit>
      <Unit>
        <Filename Value="sql_engine/firebird/fbsqltextunit.pas"/>
        <IsPartOfProject Value="True"/>
        <ComponentName Value="fbSqlTextData"/>
        <HasResources Value="True"/>
        <ResourceBaseClass Value="DataModule"/>
        <UnitName Value="fbSqlTextUnit"/>
      </Unit>
      <Unit>
        <Filename Value="dbobjecteditors/dboStoredProcedure/fbmpglocalvarseditorframeunit.pas"/>
        <IsPartOfProject Value="True"/>
        <ComponentName Value="fbmPGLocalVarsEditorFrame"/>
        <HasResources Value="True"/>
        <ResourceBaseClass Value="Frame"/>
        <UnitName Value="fbmPGLocalVarsEditorFrameUnit"/>
      </Unit>
      <Unit>
        <Filename Value="config/fbmcompatibilitysystemunit.pas"/>
        <IsPartOfProject Value="True"/>
        <ComponentName Value="fbmCompatibilitySystemFrame"/>
        <HasResources Value="True"/>
        <ResourceBaseClass Value="Frame"/>
        <UnitName Value="fbmCompatibilitySystemUnit"/>
      </Unit>
      <Unit>
        <Filename Value="dbobjecteditors/dboStoredProcedure/fbmfbvariableframeunit.pas"/>
        <IsPartOfProject Value="True"/>
        <ComponentName Value="fbmFBVariableFrame"/>
        <HasResources Value="True"/>
        <ResourceBaseClass Value="Frame"/>
        <UnitName Value="fbmFBVariableFrameUnit"/>
      </Unit>
      <Unit>
        <Filename Value="sql_objects/sqlobjects.pas"/>
        <IsPartOfProject Value="True"/>
        <UnitName Value="sqlObjects"/>
      </Unit>
      <Unit>
        <Filename Value="controls/fbm_visualeditorsabstractunit.pas"/>
        <IsPartOfProject Value="True"/>
        <UnitName Value="fbm_VisualEditorsAbstractUnit"/>
      </Unit>
      <Unit>
        <Filename Value="controls/dbf_visualtoolscallunit.pas"/>
        <IsPartOfProject Value="True"/>
      </Unit>
      <Unit>
        <Filename Value="controls/firebird/fb_visualtoolscallunit.pas"/>
        <IsPartOfProject Value="True"/>
        <UnitName Value="fb_VisualToolsCallUnit"/>
      </Unit>
      <Unit>
        <Filename Value="controls/MySQL/mysql_visualtoolscallunit.pas"/>
        <IsPartOfProject Value="True"/>
        <UnitName Value="mysql_VisualToolsCallUnit"/>
      </Unit>
      <Unit>
        <Filename Value="sql_engine/sqlite3/sqlite3engineunit.pas"/>
        <IsPartOfProject Value="True"/>
        <UnitName Value="SQLite3EngineUnit"/>
      </Unit>
      <Unit>
        <Filename Value="controls/sqlite3/sqlite3_visualtoolscallunit.pas"/>
        <IsPartOfProject Value="True"/>
        <UnitName Value="sqlite3_VisualToolsCallUnit"/>
      </Unit>
      <Unit>
        <Filename Value="connection_frames/sqlite3/sqlite3_cf_mainunit.pas"/>
        <IsPartOfProject Value="True"/>
        <ComponentName Value="ConnectionSQLite3MainPage"/>
        <HasResources Value="True"/>
        <ResourceBaseClass Value="Frame"/>
      </Unit>
      <Unit>
        <Filename Value="sql_engine/sqlite3/sqlite3_sqlparserunit.pas"/>
        <IsPartOfProject Value="True"/>
        <UnitName Value="sqlite3_SqlParserUnit"/>
      </Unit>
      <Unit>
        <Filename Value="sql_engine/sqlite3/sqlite3_keywords.pas"/>
        <IsPartOfProject Value="True"/>
      </Unit>
      <Unit>
        <Filename Value="dbobjecteditors/dboTriggerEditors/SQLite3/sqlite3triggerheadereditunit.pas"/>
        <IsPartOfProject Value="True"/>
        <ComponentName Value="SQLite3TriggerHeaderEditFrame"/>
        <HasResources Value="True"/>
        <ResourceBaseClass Value="Frame"/>
        <UnitName Value="SQLite3TriggerHeaderEditUnit"/>
      </Unit>
      <Unit>
        <Filename Value="controls/sqlite3/sqlite3_createdatabaseunit.pas"/>
        <IsPartOfProject Value="True"/>
        <ComponentName Value="sqlite3_CreateDatabaseForm"/>
        <HasResources Value="True"/>
        <ResourceBaseClass Value="Form"/>
        <UnitName Value="sqlite3_CreateDatabaseUnit"/>
      </Unit>
      <Unit>
        <Filename Value="dbobjecteditors/dboIndex/sqlite3/sqlite3indexeditorframeunit.pas"/>
        <IsPartOfProject Value="True"/>
        <ComponentName Value="sqlite3IndexEditorPage"/>
        <HasResources Value="True"/>
        <ResourceBaseClass Value="Frame"/>
        <UnitName Value="sqlite3IndexEditorFrameUnit"/>
      </Unit>
      <Unit>
        <Filename Value="sql_engine/mysql/mysql_sqlparserunit.pas"/>
        <IsPartOfProject Value="True"/>
        <UnitName Value="mysql_SqlParserUnit"/>
      </Unit>
      <Unit>
        <Filename Value="controls/MySQL/mysql_createdatabaseunit.pas"/>
        <IsPartOfProject Value="True"/>
        <ComponentName Value="mysql_CreateDatabaseForm"/>
        <HasResources Value="True"/>
        <ResourceBaseClass Value="Form"/>
        <UnitName Value="mysql_CreateDatabaseUnit"/>
      </Unit>
      <Unit>
        <Filename Value="dbobjecteditors/dboTriggerEditors/MySQL/mysqltriggerheadereditunit.pas"/>
        <IsPartOfProject Value="True"/>
        <ComponentName Value="MySQLTriggerHeaderEditor"/>
        <HasResources Value="True"/>
        <ResourceBaseClass Value="Frame"/>
        <UnitName Value="MySQLTriggerHeaderEditUnit"/>
      </Unit>
      <Unit>
        <Filename Value="import/importdataunit.pas"/>
        <IsPartOfProject Value="True"/>
        <ComponentName Value="ImportDataForm"/>
        <HasResources Value="True"/>
        <ResourceBaseClass Value="Form"/>
        <UnitName Value="ImportDataUnit"/>
      </Unit>
      <Unit>
        <Filename Value="controls/fdbm_monitorabstractunit.pas"/>
        <IsPartOfProject Value="True"/>
        <ComponentName Value="fdbmMonitorAbstractForm"/>
        <HasResources Value="True"/>
        <ResourceBaseClass Value="Form"/>
      </Unit>
      <Unit>
        <Filename Value="sql_engine/sqlite3/sqlite3_sqltextunit.pas"/>
        <IsPartOfProject Value="True"/>
        <ComponentName Value="sqlite3_SQLText"/>
        <HasResources Value="True"/>
        <ResourceBaseClass Value="DataModule"/>
        <UnitName Value="sqlite3_SQLTextUnit"/>
      </Unit>
      <Unit>
        <Filename Value="dbobjecteditors/dboTriggerEditors/postgre/pgeventtriggereditorunit.pas"/>
        <IsPartOfProject Value="True"/>
        <ComponentName Value="pgEventTriggerEditorPage"/>
        <HasResources Value="True"/>
        <ResourceBaseClass Value="Frame"/>
        <UnitName Value="pgEventTriggerEditorUnit"/>
      </Unit>
      <Unit>
        <Filename Value="config/FireBird/otfirebirdtriggertemplateunit.pas"/>
        <IsPartOfProject Value="True"/>
        <ComponentName Value="otFirebirdTriggerTemplatePage"/>
        <HasResources Value="True"/>
        <ResourceBaseClass Value="Frame"/>
        <UnitName Value="otFirebirdTriggerTemplateUnit"/>
      </Unit>
      <Unit>
        <Filename Value="dbobjecteditors/dboTableEditor/firebird/fbmfirebirdtablepropsunit.pas"/>
        <IsPartOfProject Value="True"/>
        <ComponentName Value="fbmFirebirdTablePropsPage"/>
        <HasResources Value="True"/>
        <ResourceBaseClass Value="Frame"/>
        <UnitName Value="fbmFirebirdTablePropsUnit"/>
      </Unit>
      <Unit>
        <Filename Value="dbobjecteditors/dboIndex/firebird/fbmfbindexeditorunit.pas"/>
        <IsPartOfProject Value="True"/>
        <ComponentName Value="fbmFBIndexEditorPage"/>
        <HasResources Value="True"/>
        <ResourceBaseClass Value="Frame"/>
        <UnitName Value="fbmFBIndexEditorUnit"/>
      </Unit>
      <Unit>
        <Filename Value="sql_engine/PostgreSQL/pgsqlenginefts.pas"/>
        <IsPartOfProject Value="True"/>
        <UnitName Value="pgSQLEngineFTS"/>
      </Unit>
      <Unit>
        <Filename Value="dbobjecteditors/dboFTS/fbmftsconfigunit.pas"/>
        <IsPartOfProject Value="True"/>
        <ComponentName Value="fbmFTSConfigEditorPage"/>
        <HasResources Value="True"/>
        <ResourceBaseClass Value="Frame"/>
        <UnitName Value="fbmFTSConfigUnit"/>
      </Unit>
      <Unit>
        <Filename Value="sql_engine/PostgreSQL/pgsqlenginefdw.pas"/>
        <IsPartOfProject Value="True"/>
        <UnitName Value="pgSQLEngineFDW"/>
      </Unit>
      <Unit>
        <Filename Value="dbobjecteditors/dboFDW/pgforeigndw.pas"/>
        <IsPartOfProject Value="True"/>
        <ComponentName Value="pgForeignDataWrap"/>
        <HasResources Value="True"/>
        <ResourceBaseClass Value="Frame"/>
        <UnitName Value="pgForeignDW"/>
      </Unit>
      <Unit>
        <Filename Value="dbobjecteditors/dboFDW/pgextensionunit.pas"/>
        <IsPartOfProject Value="True"/>
        <ComponentName Value="pgExtensionEditor"/>
        <HasResources Value="True"/>
        <ResourceBaseClass Value="Frame"/>
        <UnitName Value="pgExtensionUnit"/>
      </Unit>
      <Unit>
        <Filename Value="dbobjecteditors/dboPackage/fbmfirebirdpackageunit.pas"/>
        <IsPartOfProject Value="True"/>
        <ComponentName Value="fbmFirebirdPackageEditor"/>
        <HasResources Value="True"/>
        <ResourceBaseClass Value="Frame"/>
        <UnitName Value="fbmFirebirdPackageUnit"/>
      </Unit>
      <Unit>
        <Filename Value="dbobjecteditors/dboStoredProcedure/fbmfbfunctionunit.pas"/>
        <IsPartOfProject Value="True"/>
        <ComponentName Value="fbmFBFunctionEditor"/>
        <HasResources Value="True"/>
        <ResourceBaseClass Value="Frame"/>
        <UnitName Value="fbmFBFunctionUnit"/>
      </Unit>
      <Unit>
        <Filename Value="config/FireBird/otfirebirdfunctiontemplateunit.pas"/>
        <IsPartOfProject Value="True"/>
        <ComponentName Value="otFirebirdFunctionTemplatePage"/>
        <HasResources Value="True"/>
        <ResourceBaseClass Value="Frame"/>
        <UnitName Value="otFirebirdFunctionTemplateUnit"/>
      </Unit>
      <Unit>
        <Filename Value="config/FireBird/otfirebirdpackagetemplateunit.pas"/>
        <IsPartOfProject Value="True"/>
        <ComponentName Value="otFirebirdPackageTemplatePage"/>
        <HasResources Value="True"/>
        <ResourceBaseClass Value="Frame"/>
        <UnitName Value="otFirebirdPackageTemplateUnit"/>
      </Unit>
      <Unit>
        <Filename Value="config/cfautoincfieldunit.pas"/>
        <IsPartOfProject Value="True"/>
        <ComponentName Value="cfAutoIncFieldFrame"/>
        <HasResources Value="True"/>
        <ResourceBaseClass Value="Frame"/>
        <UnitName Value="cfAutoIncFieldUnit"/>
      </Unit>
      <Unit>
        <Filename Value="utils/pg/pg_export/fbmmakesqlfromdatasetunit.pas"/>
        <IsPartOfProject Value="True"/>
        <UnitName Value="fbmMakeSQLFromDataSetUnit"/>
      </Unit>
      <Unit>
        <Filename Value="connection_frames/fdbm_descriptionunit.pas"/>
        <IsPartOfProject Value="True"/>
        <ComponentName Value="fdbm_DescriptionConnectionDlgPage"/>
        <HasResources Value="True"/>
        <ResourceBaseClass Value="Frame"/>
        <UnitName Value="fdbm_DescriptionUnit"/>
      </Unit>
      <Unit>
        <Filename Value="dbobjecteditors/dboRole/fdmusereditor_mysqlunit.pas"/>
        <IsPartOfProject Value="True"/>
        <ComponentName Value="fdmUserEditor_MySQLForm"/>
        <HasResources Value="True"/>
        <ResourceBaseClass Value="Frame"/>
        <UnitName Value="fdmUserEditor_MySQLUnit"/>
      </Unit>
      <Unit>
        <Filename Value="config/MySQL/otmysqltriggertemplateunit.pas"/>
        <IsPartOfProject Value="True"/>
        <ComponentName Value="otMySQLTriggerTemplateFrame"/>
        <HasResources Value="True"/>
        <ResourceBaseClass Value="Frame"/>
        <UnitName Value="otMySQLTriggerTemplateUnit"/>
      </Unit>
      <Unit>
        <Filename Value="tools/SQLite/sqliteactivitimonitorunit.pas"/>
        <IsPartOfProject Value="True"/>
        <ComponentName Value="SQLiteActivitiMonitorForm"/>
        <HasResources Value="True"/>
        <ResourceBaseClass Value="Form"/>
        <UnitName Value="SQLiteActivitiMonitorUnit"/>
      </Unit>
      <Unit>
        <Filename Value="tools/fbmrefreshobjtreeunit.pas"/>
        <IsPartOfProject Value="True"/>
        <UnitName Value="fbmRefreshObjTreeUnit"/>
      </Unit>
      <Unit>
        <Filename Value="dbobjecteditors/dboTableEditor/fbmtablestatisticunit.pas"/>
        <IsPartOfProject Value="True"/>
        <ComponentName Value="fbmTableStatisticFrame"/>
        <HasResources Value="True"/>
        <ResourceBaseClass Value="Frame"/>
        <UnitName Value="fbmTableStatisticUnit"/>
      </Unit>
      <Unit>
        <Filename Value="dbobjecteditors/dboFDW/pgforeignusermapping.pas"/>
        <IsPartOfProject Value="True"/>
        <ComponentName Value="pgForeignUserMap"/>
        <HasResources Value="True"/>
        <ResourceBaseClass Value="Frame"/>
        <UnitName Value="pgForeignUserMapping"/>
      </Unit>
      <Unit>
        <Filename Value="dbobjecteditors/dboFDW/pgforeignserverunit.pas"/>
        <IsPartOfProject Value="True"/>
        <ComponentName Value="pgForeignServerPage"/>
        <HasResources Value="True"/>
        <ResourceBaseClass Value="Frame"/>
        <UnitName Value="pgForeignServerUnit"/>
      </Unit>
      <Unit>
        <Filename Value="connection_frames/fdbm_ssh_paramsunit.pas"/>
        <IsPartOfProject Value="True"/>
        <ComponentName Value="fdbm_ssh_ParamsPage"/>
        <HasResources Value="True"/>
        <ResourceBaseClass Value="Frame"/>
        <UnitName Value="fdbm_ssh_ParamsUnit"/>
      </Unit>
      <Unit>
        <Filename Value="sql_engine/plugins/sshconnectionunit.pas"/>
        <IsPartOfProject Value="True"/>
        <UnitName Value="SSHConnectionUnit"/>
      </Unit>
      <Unit>
        <Filename Value="config/sshconnectionpluginconfigunit.pas"/>
        <IsPartOfProject Value="True"/>
        <ComponentName Value="SSHConnectionPluginConfig"/>
        <HasResources Value="True"/>
        <ResourceBaseClass Value="Frame"/>
        <UnitName Value="SSHConnectionPluginConfigUnit"/>
      </Unit>
      <Unit>
        <Filename Value="sql_script/fbmsqlscriptrunquestionunit.pas"/>
        <IsPartOfProject Value="True"/>
        <ComponentName Value="fbmSQLScriptRunQuestionForm"/>
        <HasResources Value="True"/>
        <ResourceBaseClass Value="Form"/>
        <UnitName Value="fbmSQLScriptRunQuestionUnit"/>
      </Unit>
      <Unit>
        <Filename Value="dbobjecteditors/dboTableEditor/postgresql/fbmpgtableautovaccumunit.pas"/>
        <IsPartOfProject Value="True"/>
        <ComponentName Value="fbmpgTableAutoVaccum"/>
        <HasResources Value="True"/>
        <ResourceBaseClass Value="Frame"/>
        <UnitName Value="fbmpgTableAutoVaccumUnit"/>
      </Unit>
      <Unit>
        <Filename Value="tools/fbmtoolsnv.pas"/>
        <IsPartOfProject Value="True"/>
        <UnitName Value="fbmToolsNV"/>
      </Unit>
      <Unit>
        <Filename Value="dbobjecteditors/dboRole/fbmuserobjectsgrantunit.pas"/>
        <IsPartOfProject Value="True"/>
        <ComponentName Value="fbmUserObjectsGrantFrame"/>
        <HasResources Value="True"/>
        <ResourceBaseClass Value="Frame"/>
        <UnitName Value="fbmUserObjectsGrantUnit"/>
      </Unit>
      <Unit>
        <Filename Value="dbobjecteditors/dboStoredProcedure/pg/pgfunctionconfigunit.pas"/>
        <IsPartOfProject Value="True"/>
        <ComponentName Value="pgFunctionConfigFrame"/>
        <HasResources Value="True"/>
        <ResourceBaseClass Value="Frame"/>
        <UnitName Value="pgFunctionConfigUnit"/>
      </Unit>
      <Unit>
        <Filename Value="dbobjecteditors/dboStoredProcedure/pg/pgfunctionconfig_editunit.pas"/>
        <IsPartOfProject Value="True"/>
        <ComponentName Value="pgFunctionConfig_EditForm"/>
        <HasResources Value="True"/>
        <ResourceBaseClass Value="Form"/>
        <UnitName Value="pgFunctionConfig_EditUnit"/>
      </Unit>
      <Unit>
        <Filename Value="dbobjecteditors/dboTableEditor/postgresql/pgforeigntablepropertyunit.pas"/>
        <IsPartOfProject Value="True"/>
        <ComponentName Value="pgForeignTablePropertyFrame"/>
        <HasResources Value="True"/>
        <ResourceBaseClass Value="Frame"/>
        <UnitName Value="pgForeignTablePropertyUnit"/>
      </Unit>
      <Unit>
        <Filename Value="dbobjecteditors/dboTableEditor/postgresql/fbmpgtablepartitionunit.pas"/>
        <IsPartOfProject Value="True"/>
        <ComponentName Value="fbmPGTablePartitionPage"/>
        <HasResources Value="True"/>
        <ResourceBaseClass Value="Frame"/>
        <UnitName Value="fbmPGTablePartitionUnit"/>
      </Unit>
    </Units>
  </ProjectOptions>
  <CompilerOptions>
    <Version Value="11"/>
    <Target>
      <Filename Value="IBManager"/>
    </Target>
    <SearchPaths>
      <IncludeFiles Value="sql_engine"/>
      <OtherUnitFiles Value="config/FireBird;controls;dbobjecteditors/dboDomain;dbobjecteditors/dboException;dbobjecteditors/dboGenerator;dbobjecteditors/dboRole;dbobjecteditors/dboStoredProcedure;dbobjecteditors/dboTableEditor/firebird;dbobjecteditors/dboTableEditor;dbobjecteditors/dboTriggerEditors/fb;dbobjecteditors/dboTriggerEditors;dbobjecteditors/dboUDF;dbobjecteditors/dboViewEditors;dbobjecteditors;ErrorForms;firebird_forms;help_forms;mainform;options;Servises;SqlEditor;sql_engine/firebird;sql_engine/mssql;sql_engine/oracle;sql_engine/PostgreSQL;sql_engine;sql_script;tools;user_sec;config;connection_frames;connection_frames/dbf;connection_frames/firebird;connection_frames/mssql;connection_frames/oracle;dbobjecteditors/dboGroups;connection_frames/postgre;dbobjecteditors/dboTableEditor/postgresql;dbobjecteditors/dboScheme;dbobjecteditors/dboTriggerEditors/postgre;dbobjecteditors/dboGenerator/postgres;tools/Postgre;dbobjecteditors/dboIndex/postgre;dbobjecteditors/dboTableSpace;dbobjecteditors/dboLanguages/Postgre;config/Postgree;sql_engine/mysql;connection_frames/mysql;dbobjecteditors/dboTableEditor/mysql;dbobjecteditors/dboRule;dbobjecteditors/dboTasks;sql_objects;sql_engine/dbf;sql_engine/sqlite3;connection_frames/sqlite3;dbobjecteditors/dboTriggerEditors/SQLite3;controls/sqlite3;controls/firebird;controls/PostgreSQL;dbobjecteditors/dboIndex/sqlite3;controls/MySQL;dbobjecteditors/dboTriggerEditors/MySQL;import;dbobjecteditors/dboIndex/firebird;dbobjecteditors/dboFTS;dbobjecteditors/dboFDW;dbobjecteditors/dboPackage;utils/pg/pg_export;config/MySQL;tools/SQLite;sql_engine/plugins;dbobjecteditors/dboStoredProcedure/pg"/>
      <UnitOutputDirectory Value="lib/$(TargetCPU)-$(TargetOS)/$(LCLWidgetType)"/>
    </SearchPaths>
    <Linking>
      <Debugging>
        <DebugInfoType Value="dsDwarf2Set"/>
      </Debugging>
      <Options>
        <Win32>
          <GraphicApplication Value="True"/>
        </Win32>
      </Options>
    </Linking>
  </CompilerOptions>
  <Debugging>
    <Exceptions Count="3">
      <Item1>
        <Name Value="EConvertError"/>
      </Item1>
      <Item2>
        <Name Value="EZSQLException"/>
      </Item2>
      <Item3>
        <Name Value="EReadError"/>
      </Item3>
    </Exceptions>
  </Debugging>
</CONFIG>
