<?xml version="1.0" encoding="UTF-8"?>
<CONFIG>
  <ProjectOptions>
    <Version Value="12"/>
    <General>
      <Flags>
        <MainUnitHasCreateFormStatements Value="False"/>
        <MainUnitHasScaledStatement Value="False"/>
        <CompatibilityMode Value="True"/>
      </Flags>
      <SessionStorage Value="InProjectDir"/>
      <Title Value="PGExportData"/>
      <ResourceType Value="res"/>
      <UseXPManifest Value="True"/>
    </General>
    <i18n>
      <EnableI18N LFM="False"/>
    </i18n>
    <VersionInfo>
      <UseVersionInfo Value="True"/>
    </VersionInfo>
    <MacroValues Count="1">
      <Macro1 Name="LCLWidgetType" Value="nogui"/>
    </MacroValues>
    <BuildModes Count="1">
      <Item1 Name="Default" Default="True"/>
      <SharedMatrixOptions Count="1">
        <Item1 ID="846058736607" Modes="Default" Type="IDEMacro" MacroName="LCLWidgetType" Value="nogui"/>
      </SharedMatrixOptions>
    </BuildModes>
    <PublishOptions>
      <Version Value="2"/>
    </PublishOptions>
    <RunParams>
      <local>
        <CommandLineParams Value="-d big:pm -u sysdba -p masterkey -o Meta_SQL.sql -t SYS_LOGS_EVENT -e FB3 --delete"/>
        <LaunchingApplication PathPlusParams="/usr/bin/gnome-terminal -t &apos;Lazarus Run Output&apos; -e &apos;$(LazarusDir)/tools/runwait.sh $(TargetCmdLine)&apos;"/>
      </local>
      <FormatVersion Value="2"/>
      <Modes Count="1">
        <Mode0 Name="default">
          <local>
            <CommandLineParams Value="-d big:pm -u sysdba -p masterkey -o Meta_SQL.sql -t SYS_LOGS_EVENT -e FB3 --delete"/>
            <LaunchingApplication PathPlusParams="/usr/bin/gnome-terminal -t &apos;Lazarus Run Output&apos; -e &apos;$(LazarusDir)/tools/runwait.sh $(TargetCmdLine)&apos;"/>
          </local>
        </Mode0>
      </Modes>
    </RunParams>
    <RequiredPackages Count="2">
      <Item1>
        <PackageName Value="rxtools"/>
      </Item1>
      <Item2>
        <PackageName Value="zcomponent"/>
      </Item2>
    </RequiredPackages>
    <Units Count="4">
      <Unit0>
        <Filename Value="fbm_export.lpr"/>
        <IsPartOfProject Value="True"/>
      </Unit0>
      <Unit1>
        <Filename Value="pg_export_dm_unit.pas"/>
        <IsPartOfProject Value="True"/>
        <ComponentName Value="ExportDM"/>
        <HasResources Value="True"/>
        <ResourceBaseClass Value="DataModule"/>
      </Unit1>
      <Unit2>
        <Filename Value="../../../fbmanager_define.inc"/>
        <IsPartOfProject Value="True"/>
      </Unit2>
      <Unit3>
        <Filename Value="fbmmakesqlfromdatasetunit.pas"/>
        <IsPartOfProject Value="True"/>
        <UnitName Value="fbmMakeSQLFromDataSetUnit"/>
      </Unit3>
    </Units>
  </ProjectOptions>
  <CompilerOptions>
    <Version Value="11"/>
    <Target>
      <Filename Value="fbm_export"/>
    </Target>
    <SearchPaths>
      <IncludeFiles Value="$(ProjOutDir);../../.."/>
      <UnitOutputDirectory Value="lib/$(TargetCPU)-$(TargetOS)"/>
    </SearchPaths>
  </CompilerOptions>
  <Debugging>
    <Exceptions Count="3">
      <Item1>
        <Name Value="EAbort"/>
      </Item1>
      <Item2>
        <Name Value="ECodetoolError"/>
      </Item2>
      <Item3>
        <Name Value="EFOpenError"/>
      </Item3>
    </Exceptions>
  </Debugging>
</CONFIG>
