<?xml version="1.0" encoding="UTF-8"?>
<CONFIG>
  <ProjectOptions>
    <Version Value="12"/>
    <General>
      <SessionStorage Value="InProjectDir"/>
      <Title Value="UT_SqlParser"/>
      <ResourceType Value="res"/>
      <UseXPManifest Value="True"/>
      <Icon Value="0"/>
    </General>
    <BuildModes>
      <Item Name="default" Default="True"/>
    </BuildModes>
    <PublishOptions>
      <Version Value="2"/>
      <UseFileFilters Value="True"/>
    </PublishOptions>
    <RunParams>
      <FormatVersion Value="2"/>
      <Modes Count="0"/>
    </RunParams>
    <RequiredPackages Count="10">
      <Item1>
        <PackageName Value="fbdemofpc"/>
      </Item1>
      <Item2>
        <PackageName Value="UIBLaz"/>
      </Item2>
      <Item3>
        <PackageName Value="rx"/>
      </Item3>
      <Item4>
        <PackageName Value="zeos_ex"/>
      </Item4>
      <Item5>
        <PackageName Value="LR_ZeosDB"/>
      </Item5>
      <Item6>
        <PackageName Value="rxtools"/>
      </Item6>
      <Item7>
        <PackageName Value="rxnew"/>
      </Item7>
      <Item8>
        <PackageName Value="fpcunittestrunner"/>
      </Item8>
      <Item9>
        <PackageName Value="LCL"/>
      </Item9>
      <Item10>
        <PackageName Value="FCL"/>
      </Item10>
    </RequiredPackages>
    <Units>
      <Unit>
        <Filename Value="UT_SqlParser.lpr"/>
        <IsPartOfProject Value="True"/>
      </Unit>
      <Unit>
        <Filename Value="pgtestcase.pas"/>
        <IsPartOfProject Value="True"/>
        <ComponentName Value="PGSQLParserData"/>
        <HasResources Value="True"/>
        <ResourceBaseClass Value="DataModule"/>
        <UnitName Value="PGTestCase"/>
      </Unit>
      <Unit>
        <Filename Value="../../sql_engine/PostgreSQL/postgresqlengineunit.pas"/>
        <IsPartOfProject Value="True"/>
        <UnitName Value="PostgreSQLEngineUnit"/>
      </Unit>
      <Unit>
        <Filename Value="fbmanager_define.inc"/>
        <IsPartOfProject Value="True"/>
      </Unit>
      <Unit>
        <Filename Value="fbtestcase.pas"/>
        <IsPartOfProject Value="True"/>
        <ComponentName Value="FBTestSQLData"/>
        <HasResources Value="True"/>
        <ResourceBaseClass Value="DataModule"/>
        <UnitName Value="FBTestCase"/>
      </Unit>
      <Unit>
        <Filename Value="mysqltestcase.pas"/>
        <IsPartOfProject Value="True"/>
        <ComponentName Value="MySQLParserData"/>
        <HasResources Value="True"/>
        <ResourceBaseClass Value="DataModule"/>
        <UnitName Value="MySQLTestCase"/>
      </Unit>
      <Unit>
        <Filename Value="sqlite3testcase.pas"/>
        <IsPartOfProject Value="True"/>
        <ComponentName Value="SQLite3ParserData"/>
        <HasResources Value="True"/>
        <ResourceBaseClass Value="DataModule"/>
        <UnitName Value="SQLite3TestCase"/>
      </Unit>
      <Unit>
        <Filename Value="pgcopycmdcase.pas"/>
        <IsPartOfProject Value="True"/>
        <UnitName Value="PGCopyCmdCase"/>
      </Unit>
      <Unit/>
      <Unit/>
      <Unit/>
      <Unit/>
      <Unit/>
      <Unit/>
      <Unit/>
      <Unit/>
      <Unit/>
      <Unit/>
      <Unit/>
      <Unit/>
      <Unit/>
      <Unit/>
      <Unit/>
      <Unit/>
      <Unit/>
      <Unit/>
      <Unit/>
      <Unit/>
      <Unit/>
      <Unit/>
      <Unit/>
      <Unit/>
      <Unit/>
      <Unit/>
      <Unit/>
      <Unit>
        <Filename Value="../../sql_engine/plugins/sshconnectionunit.pas"/>
        <IsPartOfProject Value="True"/>
        <UnitName Value="SSHConnectionUnit"/>
      </Unit>
    </Units>
  </ProjectOptions>
  <CompilerOptions>
    <Version Value="11"/>
    <Target>
      <Filename Value="UT_SqlParser"/>
    </Target>
    <SearchPaths>
      <IncludeFiles Value="$(ProjOutDir)"/>
      <OtherUnitFiles Value="../../sql_engine;../../sql_engine/PostgreSQL;../../sql_objects;../../tools;../../sql_engine/firebird;../../sql_engine/sqlite3;../../sql_engine/mysql;../../sql_engine/plugins"/>
      <UnitOutputDirectory Value="lib/$(TargetCPU)-$(TargetOS)"/>
    </SearchPaths>
    <Linking>
      <Debugging>
        <DebugInfoType Value="dsDwarf3"/>
      </Debugging>
      <Options>
        <Win32>
          <GraphicApplication Value="True"/>
        </Win32>
      </Options>
    </Linking>
  </CompilerOptions>
  <Debugging>
    <Exceptions Count="5">
      <Item1>
        <Name Value="EAbort"/>
      </Item1>
      <Item2>
        <Name Value="ECodetoolError"/>
      </Item2>
      <Item3>
        <Name Value="EFOpenError"/>
      </Item3>
      <Item4>
        <Name Value="EAssertionFailedError"/>
      </Item4>
      <Item5>
        <Name Value="Exception"/>
      </Item5>
    </Exceptions>
  </Debugging>
</CONFIG>
